// !$*UTF8*$!
{
	archiveVersion = 1;
	classes = {
	};
	objectVersion = 51;
	objects = {

/* Begin PBXBuildFile section */
		441F760825D19ADA008DC46B /* AuthorizationNavigationController.swift in Sources */ = {isa = PBXBuildFile; fileRef = 4436021625CF00B500ABA7F1 /* AuthorizationNavigationController.swift */; };
		443F0ADC259123FE00E15437 /* VinchyAuthorization.h in Headers */ = {isa = PBXBuildFile; fileRef = 443F0ADA259123FE00E15437 /* VinchyAuthorization.h */; settings = {ATTRIBUTES = (Public, ); }; };
		443F0AFB259126F200E15437 /* AuthorizationViewModel.swift in Sources */ = {isa = PBXBuildFile; fileRef = 443F0AEA259126F200E15437 /* AuthorizationViewModel.swift */; };
		443F0AFC259126F200E15437 /* AuthorizationInput.swift in Sources */ = {isa = PBXBuildFile; fileRef = 443F0AEC259126F200E15437 /* AuthorizationInput.swift */; };
		443F0AFD259126F200E15437 /* AuthorizationAssembly.swift in Sources */ = {isa = PBXBuildFile; fileRef = 443F0AEE259126F200E15437 /* AuthorizationAssembly.swift */; };
		443F0AFE259126F200E15437 /* AuthorizationPresenter.swift in Sources */ = {isa = PBXBuildFile; fileRef = 443F0AF0259126F200E15437 /* AuthorizationPresenter.swift */; };
		443F0AFF259126F200E15437 /* AuthorizationPresenterProtocol.swift in Sources */ = {isa = PBXBuildFile; fileRef = 443F0AF1259126F200E15437 /* AuthorizationPresenterProtocol.swift */; };
		443F0B00259126F200E15437 /* AuthorizationViewController.swift in Sources */ = {isa = PBXBuildFile; fileRef = 443F0AF3259126F200E15437 /* AuthorizationViewController.swift */; };
		443F0B01259126F200E15437 /* AuthorizationViewControllerProtocol.swift in Sources */ = {isa = PBXBuildFile; fileRef = 443F0AF4259126F200E15437 /* AuthorizationViewControllerProtocol.swift */; };
		443F0B02259126F200E15437 /* AuthorizationInteractor.swift in Sources */ = {isa = PBXBuildFile; fileRef = 443F0AF6259126F200E15437 /* AuthorizationInteractor.swift */; };
		443F0B03259126F200E15437 /* AuthorizationInteractorProtocol.swift in Sources */ = {isa = PBXBuildFile; fileRef = 443F0AF7259126F200E15437 /* AuthorizationInteractorProtocol.swift */; };
		443F0B04259126F200E15437 /* AuthorizationRouter.swift in Sources */ = {isa = PBXBuildFile; fileRef = 443F0AF9259126F200E15437 /* AuthorizationRouter.swift */; };
		443F0B05259126F200E15437 /* AuthorizationRouterProtocol.swift in Sources */ = {isa = PBXBuildFile; fileRef = 443F0AFA259126F200E15437 /* AuthorizationRouterProtocol.swift */; };
		443F0B0F2591282C00E15437 /* AppDelegate.swift in Sources */ = {isa = PBXBuildFile; fileRef = 443F0B0E2591282C00E15437 /* AppDelegate.swift */; };
		443F0B112591282C00E15437 /* SceneDelegate.swift in Sources */ = {isa = PBXBuildFile; fileRef = 443F0B102591282C00E15437 /* SceneDelegate.swift */; };
		443F0B132591282C00E15437 /* ViewController.swift in Sources */ = {isa = PBXBuildFile; fileRef = 443F0B122591282C00E15437 /* ViewController.swift */; };
		443F0B162591282C00E15437 /* Main.storyboard in Resources */ = {isa = PBXBuildFile; fileRef = 443F0B142591282C00E15437 /* Main.storyboard */; };
		443F0B182591282D00E15437 /* Assets.xcassets in Resources */ = {isa = PBXBuildFile; fileRef = 443F0B172591282D00E15437 /* Assets.xcassets */; };
		443F0B1B2591282D00E15437 /* LaunchScreen.storyboard in Resources */ = {isa = PBXBuildFile; fileRef = 443F0B192591282D00E15437 /* LaunchScreen.storyboard */; };
		443F0B262591282D00E15437 /* VinchyAuthorizationAppTests.swift in Sources */ = {isa = PBXBuildFile; fileRef = 443F0B252591282D00E15437 /* VinchyAuthorizationAppTests.swift */; };
		443F0B312591282D00E15437 /* VinchyAuthorizationAppUITests.swift in Sources */ = {isa = PBXBuildFile; fileRef = 443F0B302591282D00E15437 /* VinchyAuthorizationAppUITests.swift */; };
		44AD9A7B25936CDB001A5188 /* EnterPasswordViewModel.swift in Sources */ = {isa = PBXBuildFile; fileRef = 44AD9A6A25936CDB001A5188 /* EnterPasswordViewModel.swift */; };
		44AD9A7D25936CDB001A5188 /* EnterPasswordInput.swift in Sources */ = {isa = PBXBuildFile; fileRef = 44AD9A6C25936CDB001A5188 /* EnterPasswordInput.swift */; };
		44AD9A7F25936CDB001A5188 /* EnterPasswordAssembly.swift in Sources */ = {isa = PBXBuildFile; fileRef = 44AD9A6E25936CDB001A5188 /* EnterPasswordAssembly.swift */; };
		44AD9A8125936CDB001A5188 /* EnterPasswordPresenterProtocol.swift in Sources */ = {isa = PBXBuildFile; fileRef = 44AD9A7025936CDB001A5188 /* EnterPasswordPresenterProtocol.swift */; };
		44AD9A8325936CDB001A5188 /* EnterPasswordPresenter.swift in Sources */ = {isa = PBXBuildFile; fileRef = 44AD9A7125936CDB001A5188 /* EnterPasswordPresenter.swift */; };
		44AD9A8525936CDB001A5188 /* EnterPasswordViewController.swift in Sources */ = {isa = PBXBuildFile; fileRef = 44AD9A7325936CDB001A5188 /* EnterPasswordViewController.swift */; };
		44AD9A8725936CDB001A5188 /* EnterPasswordViewControllerProtocol.swift in Sources */ = {isa = PBXBuildFile; fileRef = 44AD9A7425936CDB001A5188 /* EnterPasswordViewControllerProtocol.swift */; };
		44AD9A8925936CDB001A5188 /* EnterPasswordInteractor.swift in Sources */ = {isa = PBXBuildFile; fileRef = 44AD9A7625936CDB001A5188 /* EnterPasswordInteractor.swift */; };
		44AD9A8B25936CDB001A5188 /* EnterPasswordInteractorProtocol.swift in Sources */ = {isa = PBXBuildFile; fileRef = 44AD9A7725936CDB001A5188 /* EnterPasswordInteractorProtocol.swift */; };
		44AD9A8D25936CDB001A5188 /* EnterPasswordRouterProtocol.swift in Sources */ = {isa = PBXBuildFile; fileRef = 44AD9A7925936CDB001A5188 /* EnterPasswordRouterProtocol.swift */; };
		44AD9A8F25936CDB001A5188 /* EnterPasswordRouter.swift in Sources */ = {isa = PBXBuildFile; fileRef = 44AD9A7A25936CDB001A5188 /* EnterPasswordRouter.swift */; };
		44E2163025CD2D5F00FE31CE /* ChooseAuthTypeViewModel.swift in Sources */ = {isa = PBXBuildFile; fileRef = 44E2161F25CD2D5F00FE31CE /* ChooseAuthTypeViewModel.swift */; };
		44E2163125CD2D5F00FE31CE /* ChooseAuthTypeInput.swift in Sources */ = {isa = PBXBuildFile; fileRef = 44E2162125CD2D5F00FE31CE /* ChooseAuthTypeInput.swift */; };
		44E2163225CD2D5F00FE31CE /* ChooseAuthTypeAssembly.swift in Sources */ = {isa = PBXBuildFile; fileRef = 44E2162325CD2D5F00FE31CE /* ChooseAuthTypeAssembly.swift */; };
		44E2163325CD2D5F00FE31CE /* ChooseAuthTypePresenter.swift in Sources */ = {isa = PBXBuildFile; fileRef = 44E2162525CD2D5F00FE31CE /* ChooseAuthTypePresenter.swift */; };
		44E2163425CD2D5F00FE31CE /* ChooseAuthTypePresenterProtocol.swift in Sources */ = {isa = PBXBuildFile; fileRef = 44E2162625CD2D5F00FE31CE /* ChooseAuthTypePresenterProtocol.swift */; };
		44E2163525CD2D5F00FE31CE /* ChooseAuthTypeViewControllerProtocol.swift in Sources */ = {isa = PBXBuildFile; fileRef = 44E2162825CD2D5F00FE31CE /* ChooseAuthTypeViewControllerProtocol.swift */; };
		44E2163625CD2D5F00FE31CE /* ChooseAuthTypeViewController.swift in Sources */ = {isa = PBXBuildFile; fileRef = 44E2162925CD2D5F00FE31CE /* ChooseAuthTypeViewController.swift */; };
		44E2163725CD2D5F00FE31CE /* ChooseAuthTypeInteractor.swift in Sources */ = {isa = PBXBuildFile; fileRef = 44E2162B25CD2D5F00FE31CE /* ChooseAuthTypeInteractor.swift */; };
		44E2163825CD2D5F00FE31CE /* ChooseAuthTypeInteractorProtocol.swift in Sources */ = {isa = PBXBuildFile; fileRef = 44E2162C25CD2D5F00FE31CE /* ChooseAuthTypeInteractorProtocol.swift */; };
		44E2163925CD2D5F00FE31CE /* ChooseAuthTypeRouterProtocol.swift in Sources */ = {isa = PBXBuildFile; fileRef = 44E2162E25CD2D5F00FE31CE /* ChooseAuthTypeRouterProtocol.swift */; };
		44E2163A25CD2D5F00FE31CE /* ChooseAuthTypeRouter.swift in Sources */ = {isa = PBXBuildFile; fileRef = 44E2162F25CD2D5F00FE31CE /* ChooseAuthTypeRouter.swift */; };
		44E83A0125D1A23400711490 /* Display.framework in Frameworks */ = {isa = PBXBuildFile; fileRef = 44A72596259245E100A7552B /* Display.framework */; };
		44E83A0425D1A23600711490 /* VinchyCore.framework in Frameworks */ = {isa = PBXBuildFile; fileRef = 44E2161225CC8ED900FE31CE /* VinchyCore.framework */; };
		44E83A0E25D1A40C00711490 /* VinchyAuthorization.framework in Frameworks */ = {isa = PBXBuildFile; fileRef = 443F0AD7259123FE00E15437 /* VinchyAuthorization.framework */; };
		44E83A0F25D1A40C00711490 /* VinchyAuthorization.framework in Embed Frameworks */ = {isa = PBXBuildFile; fileRef = 443F0AD7259123FE00E15437 /* VinchyAuthorization.framework */; settings = {ATTRIBUTES = (CodeSignOnCopy, RemoveHeadersOnCopy, ); }; };
		44E83A4B25D1B03D00711490 /* Localizable.strings in Resources */ = {isa = PBXBuildFile; fileRef = 44E83A4D25D1B03D00711490 /* Localizable.strings */; };
		740EC931268DF58A0000718B /* OTPStackView.swift in Sources */ = {isa = PBXBuildFile; fileRef = 740EC930268DF5890000718B /* OTPStackView.swift */; };
		740EC933268DF6BC0000718B /* OTPTextField.swift in Sources */ = {isa = PBXBuildFile; fileRef = 740EC932268DF6BC0000718B /* OTPTextField.swift */; };
		7533A31D914AAECD8AC85663 /* Pods_VinchyAuthorization.framework in Frameworks */ = {isa = PBXBuildFile; fileRef = FCE1A4C9AC96A69A11D7530D /* Pods_VinchyAuthorization.framework */; };
		8A417751275CC313003E1934 /* Core.framework in Frameworks */ = {isa = PBXBuildFile; fileRef = 8A417750275CC313003E1934 /* Core.framework */; };
		8A417755275CC32B003E1934 /* StringFormatting.framework in Frameworks */ = {isa = PBXBuildFile; fileRef = 8A417754275CC32B003E1934 /* StringFormatting.framework */; };
		8A4EF2B6275CEE31004D140D /* VinchyUI.framework in Frameworks */ = {isa = PBXBuildFile; fileRef = 8A4EF2B5275CEE31004D140D /* VinchyUI.framework */; };
		8AFD837C26F7A118003DF360 /* Display.framework in Frameworks */ = {isa = PBXBuildFile; fileRef = 44A724E22591351C00A7552B /* Display.framework */; };
		8AFD837D26F7A118003DF360 /* Display.framework in Embed Frameworks */ = {isa = PBXBuildFile; fileRef = 44A724E22591351C00A7552B /* Display.framework */; settings = {ATTRIBUTES = (CodeSignOnCopy, RemoveHeadersOnCopy, ); }; };
		8AFD837E26F7A11B003DF360 /* StringFormatting.framework in Frameworks */ = {isa = PBXBuildFile; fileRef = 8AFD837926F7A101003DF360 /* StringFormatting.framework */; };
		8AFD837F26F7A11B003DF360 /* StringFormatting.framework in Embed Frameworks */ = {isa = PBXBuildFile; fileRef = 8AFD837926F7A101003DF360 /* StringFormatting.framework */; settings = {ATTRIBUTES = (CodeSignOnCopy, RemoveHeadersOnCopy, ); }; };
		8AFD838026F7A145003DF360 /* VinchyCore.framework in Frameworks */ = {isa = PBXBuildFile; fileRef = 44E2161225CC8ED900FE31CE /* VinchyCore.framework */; };
		8AFD838126F7A145003DF360 /* VinchyCore.framework in Embed Frameworks */ = {isa = PBXBuildFile; fileRef = 44E2161225CC8ED900FE31CE /* VinchyCore.framework */; settings = {ATTRIBUTES = (CodeSignOnCopy, RemoveHeadersOnCopy, ); }; };
		8AFD838326F7A192003DF360 /* Core.framework in Frameworks */ = {isa = PBXBuildFile; fileRef = 8AFD838226F7A192003DF360 /* Core.framework */; };
		8AFD838426F7A192003DF360 /* Core.framework in Embed Frameworks */ = {isa = PBXBuildFile; fileRef = 8AFD838226F7A192003DF360 /* Core.framework */; settings = {ATTRIBUTES = (CodeSignOnCopy, RemoveHeadersOnCopy, ); }; };
		CFEE735CEA7AEB8A6FD25F10 /* Pods_VinchyAuthorizationApp.framework in Frameworks */ = {isa = PBXBuildFile; fileRef = 9AF072C587CFDED49C6A1B68 /* Pods_VinchyAuthorizationApp.framework */; };
/* End PBXBuildFile section */

/* Begin PBXContainerItemProxy section */
		4436017425CEDCF700ABA7F1 /* PBXContainerItemProxy */ = {
			isa = PBXContainerItemProxy;
			containerPortal = 443F0ACE259123FD00E15437 /* Project object */;
			proxyType = 1;
			remoteGlobalIDString = 443F0AD6259123FE00E15437;
			remoteInfo = VinchyAuthorization;
		};
		443F0B222591282D00E15437 /* PBXContainerItemProxy */ = {
			isa = PBXContainerItemProxy;
			containerPortal = 443F0ACE259123FD00E15437 /* Project object */;
			proxyType = 1;
			remoteGlobalIDString = 443F0B0B2591282C00E15437;
			remoteInfo = VinchyAuthorizationApp;
		};
		443F0B2D2591282D00E15437 /* PBXContainerItemProxy */ = {
			isa = PBXContainerItemProxy;
			containerPortal = 443F0ACE259123FD00E15437 /* Project object */;
			proxyType = 1;
			remoteGlobalIDString = 443F0B0B2591282C00E15437;
			remoteInfo = VinchyAuthorizationApp;
		};
/* End PBXContainerItemProxy section */

/* Begin PBXCopyFilesBuildPhase section */
		44E83A0B25D1A40800711490 /* Embed Frameworks */ = {
			isa = PBXCopyFilesBuildPhase;
			buildActionMask = 2147483647;
			dstPath = "";
			dstSubfolderSpec = 10;
			files = (
				8AFD837F26F7A11B003DF360 /* StringFormatting.framework in Embed Frameworks */,
				44E83A0F25D1A40C00711490 /* VinchyAuthorization.framework in Embed Frameworks */,
				8AFD838126F7A145003DF360 /* VinchyCore.framework in Embed Frameworks */,
				8AFD838426F7A192003DF360 /* Core.framework in Embed Frameworks */,
				8AFD837D26F7A118003DF360 /* Display.framework in Embed Frameworks */,
			);
			name = "Embed Frameworks";
			runOnlyForDeploymentPostprocessing = 0;
		};
/* End PBXCopyFilesBuildPhase section */

/* Begin PBXFileReference section */
		4436021625CF00B500ABA7F1 /* AuthorizationNavigationController.swift */ = {isa = PBXFileReference; lastKnownFileType = sourcecode.swift; path = AuthorizationNavigationController.swift; sourceTree = "<group>"; };
		443F0AD7259123FE00E15437 /* VinchyAuthorization.framework */ = {isa = PBXFileReference; explicitFileType = wrapper.framework; includeInIndex = 0; path = VinchyAuthorization.framework; sourceTree = BUILT_PRODUCTS_DIR; };
		443F0ADA259123FE00E15437 /* VinchyAuthorization.h */ = {isa = PBXFileReference; lastKnownFileType = sourcecode.c.h; path = VinchyAuthorization.h; sourceTree = "<group>"; };
		443F0ADB259123FE00E15437 /* Info.plist */ = {isa = PBXFileReference; lastKnownFileType = text.plist.xml; path = Info.plist; sourceTree = "<group>"; };
		443F0AEA259126F200E15437 /* AuthorizationViewModel.swift */ = {isa = PBXFileReference; fileEncoding = 4; lastKnownFileType = sourcecode.swift; path = AuthorizationViewModel.swift; sourceTree = "<group>"; };
		443F0AEC259126F200E15437 /* AuthorizationInput.swift */ = {isa = PBXFileReference; fileEncoding = 4; lastKnownFileType = sourcecode.swift; path = AuthorizationInput.swift; sourceTree = "<group>"; };
		443F0AEE259126F200E15437 /* AuthorizationAssembly.swift */ = {isa = PBXFileReference; fileEncoding = 4; lastKnownFileType = sourcecode.swift; path = AuthorizationAssembly.swift; sourceTree = "<group>"; };
		443F0AF0259126F200E15437 /* AuthorizationPresenter.swift */ = {isa = PBXFileReference; fileEncoding = 4; lastKnownFileType = sourcecode.swift; path = AuthorizationPresenter.swift; sourceTree = "<group>"; };
		443F0AF1259126F200E15437 /* AuthorizationPresenterProtocol.swift */ = {isa = PBXFileReference; fileEncoding = 4; lastKnownFileType = sourcecode.swift; path = AuthorizationPresenterProtocol.swift; sourceTree = "<group>"; };
		443F0AF3259126F200E15437 /* AuthorizationViewController.swift */ = {isa = PBXFileReference; fileEncoding = 4; lastKnownFileType = sourcecode.swift; path = AuthorizationViewController.swift; sourceTree = "<group>"; };
		443F0AF4259126F200E15437 /* AuthorizationViewControllerProtocol.swift */ = {isa = PBXFileReference; fileEncoding = 4; lastKnownFileType = sourcecode.swift; path = AuthorizationViewControllerProtocol.swift; sourceTree = "<group>"; };
		443F0AF6259126F200E15437 /* AuthorizationInteractor.swift */ = {isa = PBXFileReference; fileEncoding = 4; lastKnownFileType = sourcecode.swift; path = AuthorizationInteractor.swift; sourceTree = "<group>"; };
		443F0AF7259126F200E15437 /* AuthorizationInteractorProtocol.swift */ = {isa = PBXFileReference; fileEncoding = 4; lastKnownFileType = sourcecode.swift; path = AuthorizationInteractorProtocol.swift; sourceTree = "<group>"; };
		443F0AF9259126F200E15437 /* AuthorizationRouter.swift */ = {isa = PBXFileReference; fileEncoding = 4; lastKnownFileType = sourcecode.swift; path = AuthorizationRouter.swift; sourceTree = "<group>"; };
		443F0AFA259126F200E15437 /* AuthorizationRouterProtocol.swift */ = {isa = PBXFileReference; fileEncoding = 4; lastKnownFileType = sourcecode.swift; path = AuthorizationRouterProtocol.swift; sourceTree = "<group>"; };
		443F0B0C2591282C00E15437 /* VinchyAuthorizationApp.app */ = {isa = PBXFileReference; explicitFileType = wrapper.application; includeInIndex = 0; path = VinchyAuthorizationApp.app; sourceTree = BUILT_PRODUCTS_DIR; };
		443F0B0E2591282C00E15437 /* AppDelegate.swift */ = {isa = PBXFileReference; lastKnownFileType = sourcecode.swift; path = AppDelegate.swift; sourceTree = "<group>"; };
		443F0B102591282C00E15437 /* SceneDelegate.swift */ = {isa = PBXFileReference; lastKnownFileType = sourcecode.swift; path = SceneDelegate.swift; sourceTree = "<group>"; };
		443F0B122591282C00E15437 /* ViewController.swift */ = {isa = PBXFileReference; lastKnownFileType = sourcecode.swift; path = ViewController.swift; sourceTree = "<group>"; };
		443F0B152591282C00E15437 /* Base */ = {isa = PBXFileReference; lastKnownFileType = file.storyboard; name = Base; path = Base.lproj/Main.storyboard; sourceTree = "<group>"; };
		443F0B172591282D00E15437 /* Assets.xcassets */ = {isa = PBXFileReference; lastKnownFileType = folder.assetcatalog; path = Assets.xcassets; sourceTree = "<group>"; };
		443F0B1A2591282D00E15437 /* Base */ = {isa = PBXFileReference; lastKnownFileType = file.storyboard; name = Base; path = Base.lproj/LaunchScreen.storyboard; sourceTree = "<group>"; };
		443F0B1C2591282D00E15437 /* Info.plist */ = {isa = PBXFileReference; lastKnownFileType = text.plist.xml; path = Info.plist; sourceTree = "<group>"; };
		443F0B212591282D00E15437 /* VinchyAuthorizationAppTests.xctest */ = {isa = PBXFileReference; explicitFileType = wrapper.cfbundle; includeInIndex = 0; path = VinchyAuthorizationAppTests.xctest; sourceTree = BUILT_PRODUCTS_DIR; };
		443F0B252591282D00E15437 /* VinchyAuthorizationAppTests.swift */ = {isa = PBXFileReference; lastKnownFileType = sourcecode.swift; path = VinchyAuthorizationAppTests.swift; sourceTree = "<group>"; };
		443F0B272591282D00E15437 /* Info.plist */ = {isa = PBXFileReference; lastKnownFileType = text.plist.xml; path = Info.plist; sourceTree = "<group>"; };
		443F0B2C2591282D00E15437 /* VinchyAuthorizationAppUITests.xctest */ = {isa = PBXFileReference; explicitFileType = wrapper.cfbundle; includeInIndex = 0; path = VinchyAuthorizationAppUITests.xctest; sourceTree = BUILT_PRODUCTS_DIR; };
		443F0B302591282D00E15437 /* VinchyAuthorizationAppUITests.swift */ = {isa = PBXFileReference; lastKnownFileType = sourcecode.swift; path = VinchyAuthorizationAppUITests.swift; sourceTree = "<group>"; };
		443F0B322591282D00E15437 /* Info.plist */ = {isa = PBXFileReference; lastKnownFileType = text.plist.xml; path = Info.plist; sourceTree = "<group>"; };
		44A724E22591351C00A7552B /* Display.framework */ = {isa = PBXFileReference; explicitFileType = wrapper.framework; path = Display.framework; sourceTree = BUILT_PRODUCTS_DIR; };
		44A72596259245E100A7552B /* Display.framework */ = {isa = PBXFileReference; explicitFileType = wrapper.framework; path = Display.framework; sourceTree = BUILT_PRODUCTS_DIR; };
		44AD9A6A25936CDB001A5188 /* EnterPasswordViewModel.swift */ = {isa = PBXFileReference; fileEncoding = 4; lastKnownFileType = sourcecode.swift; path = EnterPasswordViewModel.swift; sourceTree = "<group>"; };
		44AD9A6C25936CDB001A5188 /* EnterPasswordInput.swift */ = {isa = PBXFileReference; fileEncoding = 4; lastKnownFileType = sourcecode.swift; path = EnterPasswordInput.swift; sourceTree = "<group>"; };
		44AD9A6E25936CDB001A5188 /* EnterPasswordAssembly.swift */ = {isa = PBXFileReference; fileEncoding = 4; lastKnownFileType = sourcecode.swift; path = EnterPasswordAssembly.swift; sourceTree = "<group>"; };
		44AD9A7025936CDB001A5188 /* EnterPasswordPresenterProtocol.swift */ = {isa = PBXFileReference; fileEncoding = 4; lastKnownFileType = sourcecode.swift; path = EnterPasswordPresenterProtocol.swift; sourceTree = "<group>"; };
		44AD9A7125936CDB001A5188 /* EnterPasswordPresenter.swift */ = {isa = PBXFileReference; fileEncoding = 4; lastKnownFileType = sourcecode.swift; path = EnterPasswordPresenter.swift; sourceTree = "<group>"; };
		44AD9A7325936CDB001A5188 /* EnterPasswordViewController.swift */ = {isa = PBXFileReference; fileEncoding = 4; lastKnownFileType = sourcecode.swift; path = EnterPasswordViewController.swift; sourceTree = "<group>"; };
		44AD9A7425936CDB001A5188 /* EnterPasswordViewControllerProtocol.swift */ = {isa = PBXFileReference; fileEncoding = 4; lastKnownFileType = sourcecode.swift; path = EnterPasswordViewControllerProtocol.swift; sourceTree = "<group>"; };
		44AD9A7625936CDB001A5188 /* EnterPasswordInteractor.swift */ = {isa = PBXFileReference; fileEncoding = 4; lastKnownFileType = sourcecode.swift; path = EnterPasswordInteractor.swift; sourceTree = "<group>"; };
		44AD9A7725936CDB001A5188 /* EnterPasswordInteractorProtocol.swift */ = {isa = PBXFileReference; fileEncoding = 4; lastKnownFileType = sourcecode.swift; path = EnterPasswordInteractorProtocol.swift; sourceTree = "<group>"; };
		44AD9A7925936CDB001A5188 /* EnterPasswordRouterProtocol.swift */ = {isa = PBXFileReference; fileEncoding = 4; lastKnownFileType = sourcecode.swift; path = EnterPasswordRouterProtocol.swift; sourceTree = "<group>"; };
		44AD9A7A25936CDB001A5188 /* EnterPasswordRouter.swift */ = {isa = PBXFileReference; fileEncoding = 4; lastKnownFileType = sourcecode.swift; path = EnterPasswordRouter.swift; sourceTree = "<group>"; };
		44E2161225CC8ED900FE31CE /* VinchyCore.framework */ = {isa = PBXFileReference; explicitFileType = wrapper.framework; path = VinchyCore.framework; sourceTree = BUILT_PRODUCTS_DIR; };
		44E2161F25CD2D5F00FE31CE /* ChooseAuthTypeViewModel.swift */ = {isa = PBXFileReference; fileEncoding = 4; lastKnownFileType = sourcecode.swift; path = ChooseAuthTypeViewModel.swift; sourceTree = "<group>"; };
		44E2162125CD2D5F00FE31CE /* ChooseAuthTypeInput.swift */ = {isa = PBXFileReference; fileEncoding = 4; lastKnownFileType = sourcecode.swift; path = ChooseAuthTypeInput.swift; sourceTree = "<group>"; };
		44E2162325CD2D5F00FE31CE /* ChooseAuthTypeAssembly.swift */ = {isa = PBXFileReference; fileEncoding = 4; lastKnownFileType = sourcecode.swift; path = ChooseAuthTypeAssembly.swift; sourceTree = "<group>"; };
		44E2162525CD2D5F00FE31CE /* ChooseAuthTypePresenter.swift */ = {isa = PBXFileReference; fileEncoding = 4; lastKnownFileType = sourcecode.swift; path = ChooseAuthTypePresenter.swift; sourceTree = "<group>"; };
		44E2162625CD2D5F00FE31CE /* ChooseAuthTypePresenterProtocol.swift */ = {isa = PBXFileReference; fileEncoding = 4; lastKnownFileType = sourcecode.swift; path = ChooseAuthTypePresenterProtocol.swift; sourceTree = "<group>"; };
		44E2162825CD2D5F00FE31CE /* ChooseAuthTypeViewControllerProtocol.swift */ = {isa = PBXFileReference; fileEncoding = 4; lastKnownFileType = sourcecode.swift; path = ChooseAuthTypeViewControllerProtocol.swift; sourceTree = "<group>"; };
		44E2162925CD2D5F00FE31CE /* ChooseAuthTypeViewController.swift */ = {isa = PBXFileReference; fileEncoding = 4; lastKnownFileType = sourcecode.swift; path = ChooseAuthTypeViewController.swift; sourceTree = "<group>"; };
		44E2162B25CD2D5F00FE31CE /* ChooseAuthTypeInteractor.swift */ = {isa = PBXFileReference; fileEncoding = 4; lastKnownFileType = sourcecode.swift; path = ChooseAuthTypeInteractor.swift; sourceTree = "<group>"; };
		44E2162C25CD2D5F00FE31CE /* ChooseAuthTypeInteractorProtocol.swift */ = {isa = PBXFileReference; fileEncoding = 4; lastKnownFileType = sourcecode.swift; path = ChooseAuthTypeInteractorProtocol.swift; sourceTree = "<group>"; };
		44E2162E25CD2D5F00FE31CE /* ChooseAuthTypeRouterProtocol.swift */ = {isa = PBXFileReference; fileEncoding = 4; lastKnownFileType = sourcecode.swift; path = ChooseAuthTypeRouterProtocol.swift; sourceTree = "<group>"; };
		44E2162F25CD2D5F00FE31CE /* ChooseAuthTypeRouter.swift */ = {isa = PBXFileReference; fileEncoding = 4; lastKnownFileType = sourcecode.swift; path = ChooseAuthTypeRouter.swift; sourceTree = "<group>"; };
		44E83A4C25D1B03D00711490 /* en */ = {isa = PBXFileReference; lastKnownFileType = text.plist.strings; name = en; path = en.lproj/Localizable.strings; sourceTree = "<group>"; };
		44E83A5025D1B07300711490 /* ru */ = {isa = PBXFileReference; lastKnownFileType = text.plist.strings; name = ru; path = ru.lproj/Main.strings; sourceTree = "<group>"; };
		44E83A5125D1B07300711490 /* ru */ = {isa = PBXFileReference; lastKnownFileType = text.plist.strings; name = ru; path = ru.lproj/LaunchScreen.strings; sourceTree = "<group>"; };
		44E83A5225D1B07300711490 /* ru */ = {isa = PBXFileReference; lastKnownFileType = text.plist.strings; name = ru; path = ru.lproj/Localizable.strings; sourceTree = "<group>"; };
		554E2FC96295A4F8F9FE9A68 /* Pods-VinchyAuthorizationApp.release.xcconfig */ = {isa = PBXFileReference; includeInIndex = 1; lastKnownFileType = text.xcconfig; name = "Pods-VinchyAuthorizationApp.release.xcconfig"; path = "Target Support Files/Pods-VinchyAuthorizationApp/Pods-VinchyAuthorizationApp.release.xcconfig"; sourceTree = "<group>"; };
		740EC930268DF5890000718B /* OTPStackView.swift */ = {isa = PBXFileReference; lastKnownFileType = sourcecode.swift; path = OTPStackView.swift; sourceTree = "<group>"; };
		740EC932268DF6BC0000718B /* OTPTextField.swift */ = {isa = PBXFileReference; lastKnownFileType = sourcecode.swift; path = OTPTextField.swift; sourceTree = "<group>"; };
		74515F9C26F79064008F789C /* VinchyAuthorizationApp.entitlements */ = {isa = PBXFileReference; lastKnownFileType = text.plist.entitlements; path = VinchyAuthorizationApp.entitlements; sourceTree = "<group>"; };
		8A417750275CC313003E1934 /* Core.framework */ = {isa = PBXFileReference; explicitFileType = wrapper.framework; path = Core.framework; sourceTree = BUILT_PRODUCTS_DIR; };
		8A417754275CC32B003E1934 /* StringFormatting.framework */ = {isa = PBXFileReference; explicitFileType = wrapper.framework; path = StringFormatting.framework; sourceTree = BUILT_PRODUCTS_DIR; };
		8A4EF2B5275CEE31004D140D /* VinchyUI.framework */ = {isa = PBXFileReference; explicitFileType = wrapper.framework; path = VinchyUI.framework; sourceTree = BUILT_PRODUCTS_DIR; };
		8AFD837926F7A101003DF360 /* StringFormatting.framework */ = {isa = PBXFileReference; explicitFileType = wrapper.framework; path = StringFormatting.framework; sourceTree = BUILT_PRODUCTS_DIR; };
		8AFD838226F7A192003DF360 /* Core.framework */ = {isa = PBXFileReference; explicitFileType = wrapper.framework; path = Core.framework; sourceTree = BUILT_PRODUCTS_DIR; };
		9AF072C587CFDED49C6A1B68 /* Pods_VinchyAuthorizationApp.framework */ = {isa = PBXFileReference; explicitFileType = wrapper.framework; includeInIndex = 0; path = Pods_VinchyAuthorizationApp.framework; sourceTree = BUILT_PRODUCTS_DIR; };
		C0142329D2F9663DDB44D2E0 /* Pods-VinchyAuthorizationApp.debug.xcconfig */ = {isa = PBXFileReference; includeInIndex = 1; lastKnownFileType = text.xcconfig; name = "Pods-VinchyAuthorizationApp.debug.xcconfig"; path = "Target Support Files/Pods-VinchyAuthorizationApp/Pods-VinchyAuthorizationApp.debug.xcconfig"; sourceTree = "<group>"; };
		E5069D60CC81C970BB1FD8B4 /* Pods-VinchyAuthorization.debug.xcconfig */ = {isa = PBXFileReference; includeInIndex = 1; lastKnownFileType = text.xcconfig; name = "Pods-VinchyAuthorization.debug.xcconfig"; path = "Target Support Files/Pods-VinchyAuthorization/Pods-VinchyAuthorization.debug.xcconfig"; sourceTree = "<group>"; };
		FCE1A4C9AC96A69A11D7530D /* Pods_VinchyAuthorization.framework */ = {isa = PBXFileReference; explicitFileType = wrapper.framework; includeInIndex = 0; path = Pods_VinchyAuthorization.framework; sourceTree = BUILT_PRODUCTS_DIR; };
		FEB2CC41F7F0BC80C2F1BBD6 /* Pods-VinchyAuthorization.release.xcconfig */ = {isa = PBXFileReference; includeInIndex = 1; lastKnownFileType = text.xcconfig; name = "Pods-VinchyAuthorization.release.xcconfig"; path = "Target Support Files/Pods-VinchyAuthorization/Pods-VinchyAuthorization.release.xcconfig"; sourceTree = "<group>"; };
/* End PBXFileReference section */

/* Begin PBXFrameworksBuildPhase section */
		443F0AD4259123FE00E15437 /* Frameworks */ = {
			isa = PBXFrameworksBuildPhase;
			buildActionMask = 2147483647;
			files = (
				44E83A0425D1A23600711490 /* VinchyCore.framework in Frameworks */,
				8A417755275CC32B003E1934 /* StringFormatting.framework in Frameworks */,
				44E83A0125D1A23400711490 /* Display.framework in Frameworks */,
				7533A31D914AAECD8AC85663 /* Pods_VinchyAuthorization.framework in Frameworks */,
				8A417751275CC313003E1934 /* Core.framework in Frameworks */,
				8A4EF2B6275CEE31004D140D /* VinchyUI.framework in Frameworks */,
			);
			runOnlyForDeploymentPostprocessing = 0;
		};
		443F0B092591282C00E15437 /* Frameworks */ = {
			isa = PBXFrameworksBuildPhase;
			buildActionMask = 2147483647;
			files = (
				8AFD837E26F7A11B003DF360 /* StringFormatting.framework in Frameworks */,
				8AFD838326F7A192003DF360 /* Core.framework in Frameworks */,
				8AFD838026F7A145003DF360 /* VinchyCore.framework in Frameworks */,
				44E83A0E25D1A40C00711490 /* VinchyAuthorization.framework in Frameworks */,
				8AFD837C26F7A118003DF360 /* Display.framework in Frameworks */,
				CFEE735CEA7AEB8A6FD25F10 /* Pods_VinchyAuthorizationApp.framework in Frameworks */,
			);
			runOnlyForDeploymentPostprocessing = 0;
		};
		443F0B1E2591282D00E15437 /* Frameworks */ = {
			isa = PBXFrameworksBuildPhase;
			buildActionMask = 2147483647;
			files = (
			);
			runOnlyForDeploymentPostprocessing = 0;
		};
		443F0B292591282D00E15437 /* Frameworks */ = {
			isa = PBXFrameworksBuildPhase;
			buildActionMask = 2147483647;
			files = (
			);
			runOnlyForDeploymentPostprocessing = 0;
		};
/* End PBXFrameworksBuildPhase section */

/* Begin PBXGroup section */
		21455253FCBC2919372C4490 /* Pods */ = {
			isa = PBXGroup;
			children = (
				C0142329D2F9663DDB44D2E0 /* Pods-VinchyAuthorizationApp.debug.xcconfig */,
				554E2FC96295A4F8F9FE9A68 /* Pods-VinchyAuthorizationApp.release.xcconfig */,
				E5069D60CC81C970BB1FD8B4 /* Pods-VinchyAuthorization.debug.xcconfig */,
				FEB2CC41F7F0BC80C2F1BBD6 /* Pods-VinchyAuthorization.release.xcconfig */,
			);
			name = Pods;
			path = ../../Pods;
			sourceTree = "<group>";
		};
		443601DB25CEF59600ABA7F1 /* Output */ = {
			isa = PBXGroup;
			children = (
				4436021625CF00B500ABA7F1 /* AuthorizationNavigationController.swift */,
			);
			path = Output;
			sourceTree = "<group>";
		};
		443F0ACD259123FD00E15437 = {
			isa = PBXGroup;
			children = (
				443F0AD9259123FE00E15437 /* VinchyAuthorization */,
				443F0B0D2591282C00E15437 /* VinchyAuthorizationApp */,
				443F0B242591282D00E15437 /* VinchyAuthorizationAppTests */,
				443F0B2F2591282D00E15437 /* VinchyAuthorizationAppUITests */,
				443F0AD8259123FE00E15437 /* Products */,
				44A724E12591351C00A7552B /* Frameworks */,
				21455253FCBC2919372C4490 /* Pods */,
			);
			indentWidth = 2;
			sourceTree = "<group>";
			tabWidth = 2;
		};
		443F0AD8259123FE00E15437 /* Products */ = {
			isa = PBXGroup;
			children = (
				443F0AD7259123FE00E15437 /* VinchyAuthorization.framework */,
				443F0B0C2591282C00E15437 /* VinchyAuthorizationApp.app */,
				443F0B212591282D00E15437 /* VinchyAuthorizationAppTests.xctest */,
				443F0B2C2591282D00E15437 /* VinchyAuthorizationAppUITests.xctest */,
			);
			name = Products;
			sourceTree = "<group>";
		};
		443F0AD9259123FE00E15437 /* VinchyAuthorization */ = {
			isa = PBXGroup;
			children = (
				443F0ADB259123FE00E15437 /* Info.plist */,
				44A724DB2591309000A7552B /* Resources */,
				443F0AE32591242C00E15437 /* Sources */,
				443F0ADA259123FE00E15437 /* VinchyAuthorization.h */,
			);
			path = VinchyAuthorization;
			sourceTree = "<group>";
		};
		443F0AE32591242C00E15437 /* Sources */ = {
			isa = PBXGroup;
			children = (
				443601DB25CEF59600ABA7F1 /* Output */,
				443F0AE8259126F200E15437 /* Authorization */,
				44E2161D25CD2D5F00FE31CE /* ChooseAuthType */,
				44AD9A6825936CDB001A5188 /* EnterPassword */,
			);
			path = Sources;
			sourceTree = "<group>";
		};
		443F0AE8259126F200E15437 /* Authorization */ = {
			isa = PBXGroup;
			children = (
				443F0AED259126F200E15437 /* Assembly */,
				443F0AEB259126F200E15437 /* Input */,
				443F0AF5259126F200E15437 /* Interactor */,
				443F0AEF259126F200E15437 /* Presenter */,
				443F0AF8259126F200E15437 /* Router */,
				443F0AF2259126F200E15437 /* ViewController */,
				443F0AE9259126F200E15437 /* ViewModel */,
			);
			path = Authorization;
			sourceTree = "<group>";
		};
		443F0AE9259126F200E15437 /* ViewModel */ = {
			isa = PBXGroup;
			children = (
				443F0AEA259126F200E15437 /* AuthorizationViewModel.swift */,
			);
			path = ViewModel;
			sourceTree = "<group>";
		};
		443F0AEB259126F200E15437 /* Input */ = {
			isa = PBXGroup;
			children = (
				443F0AEC259126F200E15437 /* AuthorizationInput.swift */,
			);
			path = Input;
			sourceTree = "<group>";
		};
		443F0AED259126F200E15437 /* Assembly */ = {
			isa = PBXGroup;
			children = (
				443F0AEE259126F200E15437 /* AuthorizationAssembly.swift */,
			);
			path = Assembly;
			sourceTree = "<group>";
		};
		443F0AEF259126F200E15437 /* Presenter */ = {
			isa = PBXGroup;
			children = (
				443F0AF0259126F200E15437 /* AuthorizationPresenter.swift */,
				443F0AF1259126F200E15437 /* AuthorizationPresenterProtocol.swift */,
			);
			path = Presenter;
			sourceTree = "<group>";
		};
		443F0AF2259126F200E15437 /* ViewController */ = {
			isa = PBXGroup;
			children = (
				443F0AF3259126F200E15437 /* AuthorizationViewController.swift */,
				443F0AF4259126F200E15437 /* AuthorizationViewControllerProtocol.swift */,
			);
			path = ViewController;
			sourceTree = "<group>";
		};
		443F0AF5259126F200E15437 /* Interactor */ = {
			isa = PBXGroup;
			children = (
				443F0AF6259126F200E15437 /* AuthorizationInteractor.swift */,
				443F0AF7259126F200E15437 /* AuthorizationInteractorProtocol.swift */,
			);
			path = Interactor;
			sourceTree = "<group>";
		};
		443F0AF8259126F200E15437 /* Router */ = {
			isa = PBXGroup;
			children = (
				443F0AF9259126F200E15437 /* AuthorizationRouter.swift */,
				443F0AFA259126F200E15437 /* AuthorizationRouterProtocol.swift */,
			);
			path = Router;
			sourceTree = "<group>";
		};
		443F0B0D2591282C00E15437 /* VinchyAuthorizationApp */ = {
			isa = PBXGroup;
			children = (
				74515F9C26F79064008F789C /* VinchyAuthorizationApp.entitlements */,
				443F0B0E2591282C00E15437 /* AppDelegate.swift */,
				443F0B102591282C00E15437 /* SceneDelegate.swift */,
				443F0B122591282C00E15437 /* ViewController.swift */,
				443F0B142591282C00E15437 /* Main.storyboard */,
				443F0B172591282D00E15437 /* Assets.xcassets */,
				443F0B192591282D00E15437 /* LaunchScreen.storyboard */,
				443F0B1C2591282D00E15437 /* Info.plist */,
			);
			path = VinchyAuthorizationApp;
			sourceTree = "<group>";
		};
		443F0B242591282D00E15437 /* VinchyAuthorizationAppTests */ = {
			isa = PBXGroup;
			children = (
				443F0B252591282D00E15437 /* VinchyAuthorizationAppTests.swift */,
				443F0B272591282D00E15437 /* Info.plist */,
			);
			path = VinchyAuthorizationAppTests;
			sourceTree = "<group>";
		};
		443F0B2F2591282D00E15437 /* VinchyAuthorizationAppUITests */ = {
			isa = PBXGroup;
			children = (
				443F0B302591282D00E15437 /* VinchyAuthorizationAppUITests.swift */,
				443F0B322591282D00E15437 /* Info.plist */,
			);
			path = VinchyAuthorizationAppUITests;
			sourceTree = "<group>";
		};
		44A724DB2591309000A7552B /* Resources */ = {
			isa = PBXGroup;
			children = (
				44E83A4D25D1B03D00711490 /* Localizable.strings */,
			);
			path = Resources;
			sourceTree = "<group>";
		};
		44A724E12591351C00A7552B /* Frameworks */ = {
			isa = PBXGroup;
			children = (
				8A4EF2B5275CEE31004D140D /* VinchyUI.framework */,
				8A417754275CC32B003E1934 /* StringFormatting.framework */,
				8A417750275CC313003E1934 /* Core.framework */,
				8AFD838226F7A192003DF360 /* Core.framework */,
				8AFD837926F7A101003DF360 /* StringFormatting.framework */,
				44E2161225CC8ED900FE31CE /* VinchyCore.framework */,
				44A72596259245E100A7552B /* Display.framework */,
				44A724E22591351C00A7552B /* Display.framework */,
				FCE1A4C9AC96A69A11D7530D /* Pods_VinchyAuthorization.framework */,
				9AF072C587CFDED49C6A1B68 /* Pods_VinchyAuthorizationApp.framework */,
			);
			name = Frameworks;
			sourceTree = "<group>";
		};
		44AD9A6825936CDB001A5188 /* EnterPassword */ = {
			isa = PBXGroup;
			children = (
				740EC929268D30D10000718B /* Views */,
				44AD9A6925936CDB001A5188 /* ViewModel */,
				44AD9A6B25936CDB001A5188 /* Input */,
				44AD9A6D25936CDB001A5188 /* Assembly */,
				44AD9A6F25936CDB001A5188 /* Presenter */,
				44AD9A7225936CDB001A5188 /* ViewController */,
				44AD9A7525936CDB001A5188 /* Interactor */,
				44AD9A7825936CDB001A5188 /* Router */,
			);
			path = EnterPassword;
			sourceTree = "<group>";
		};
		44AD9A6925936CDB001A5188 /* ViewModel */ = {
			isa = PBXGroup;
			children = (
				44AD9A6A25936CDB001A5188 /* EnterPasswordViewModel.swift */,
			);
			path = ViewModel;
			sourceTree = "<group>";
		};
		44AD9A6B25936CDB001A5188 /* Input */ = {
			isa = PBXGroup;
			children = (
				44AD9A6C25936CDB001A5188 /* EnterPasswordInput.swift */,
			);
			path = Input;
			sourceTree = "<group>";
		};
		44AD9A6D25936CDB001A5188 /* Assembly */ = {
			isa = PBXGroup;
			children = (
				44AD9A6E25936CDB001A5188 /* EnterPasswordAssembly.swift */,
			);
			path = Assembly;
			sourceTree = "<group>";
		};
		44AD9A6F25936CDB001A5188 /* Presenter */ = {
			isa = PBXGroup;
			children = (
				44AD9A7025936CDB001A5188 /* EnterPasswordPresenterProtocol.swift */,
				44AD9A7125936CDB001A5188 /* EnterPasswordPresenter.swift */,
			);
			path = Presenter;
			sourceTree = "<group>";
		};
		44AD9A7225936CDB001A5188 /* ViewController */ = {
			isa = PBXGroup;
			children = (
				44AD9A7325936CDB001A5188 /* EnterPasswordViewController.swift */,
				44AD9A7425936CDB001A5188 /* EnterPasswordViewControllerProtocol.swift */,
			);
			path = ViewController;
			sourceTree = "<group>";
		};
		44AD9A7525936CDB001A5188 /* Interactor */ = {
			isa = PBXGroup;
			children = (
				44AD9A7625936CDB001A5188 /* EnterPasswordInteractor.swift */,
				44AD9A7725936CDB001A5188 /* EnterPasswordInteractorProtocol.swift */,
			);
			path = Interactor;
			sourceTree = "<group>";
		};
		44AD9A7825936CDB001A5188 /* Router */ = {
			isa = PBXGroup;
			children = (
				44AD9A7925936CDB001A5188 /* EnterPasswordRouterProtocol.swift */,
				44AD9A7A25936CDB001A5188 /* EnterPasswordRouter.swift */,
			);
			path = Router;
			sourceTree = "<group>";
		};
		44E2161D25CD2D5F00FE31CE /* ChooseAuthType */ = {
			isa = PBXGroup;
			children = (
				44E2162225CD2D5F00FE31CE /* Assembly */,
				44E2162025CD2D5F00FE31CE /* Input */,
				44E2162A25CD2D5F00FE31CE /* Interactor */,
				44E2162425CD2D5F00FE31CE /* Presenter */,
				44E2162D25CD2D5F00FE31CE /* Router */,
				44E2162725CD2D5F00FE31CE /* ViewController */,
				44E2161E25CD2D5F00FE31CE /* ViewModel */,
			);
			path = ChooseAuthType;
			sourceTree = "<group>";
		};
		44E2161E25CD2D5F00FE31CE /* ViewModel */ = {
			isa = PBXGroup;
			children = (
				44E2161F25CD2D5F00FE31CE /* ChooseAuthTypeViewModel.swift */,
			);
			path = ViewModel;
			sourceTree = "<group>";
		};
		44E2162025CD2D5F00FE31CE /* Input */ = {
			isa = PBXGroup;
			children = (
				44E2162125CD2D5F00FE31CE /* ChooseAuthTypeInput.swift */,
			);
			path = Input;
			sourceTree = "<group>";
		};
		44E2162225CD2D5F00FE31CE /* Assembly */ = {
			isa = PBXGroup;
			children = (
				44E2162325CD2D5F00FE31CE /* ChooseAuthTypeAssembly.swift */,
			);
			path = Assembly;
			sourceTree = "<group>";
		};
		44E2162425CD2D5F00FE31CE /* Presenter */ = {
			isa = PBXGroup;
			children = (
				44E2162525CD2D5F00FE31CE /* ChooseAuthTypePresenter.swift */,
				44E2162625CD2D5F00FE31CE /* ChooseAuthTypePresenterProtocol.swift */,
			);
			path = Presenter;
			sourceTree = "<group>";
		};
		44E2162725CD2D5F00FE31CE /* ViewController */ = {
			isa = PBXGroup;
			children = (
				44E2162825CD2D5F00FE31CE /* ChooseAuthTypeViewControllerProtocol.swift */,
				44E2162925CD2D5F00FE31CE /* ChooseAuthTypeViewController.swift */,
			);
			path = ViewController;
			sourceTree = "<group>";
		};
		44E2162A25CD2D5F00FE31CE /* Interactor */ = {
			isa = PBXGroup;
			children = (
				44E2162B25CD2D5F00FE31CE /* ChooseAuthTypeInteractor.swift */,
				44E2162C25CD2D5F00FE31CE /* ChooseAuthTypeInteractorProtocol.swift */,
			);
			path = Interactor;
			sourceTree = "<group>";
		};
		44E2162D25CD2D5F00FE31CE /* Router */ = {
			isa = PBXGroup;
			children = (
				44E2162E25CD2D5F00FE31CE /* ChooseAuthTypeRouterProtocol.swift */,
				44E2162F25CD2D5F00FE31CE /* ChooseAuthTypeRouter.swift */,
			);
			path = Router;
			sourceTree = "<group>";
		};
		740EC929268D30D10000718B /* Views */ = {
			isa = PBXGroup;
			children = (
				740EC930268DF5890000718B /* OTPStackView.swift */,
				740EC932268DF6BC0000718B /* OTPTextField.swift */,
			);
			path = Views;
			sourceTree = "<group>";
		};
/* End PBXGroup section */

/* Begin PBXHeadersBuildPhase section */
		443F0AD2259123FE00E15437 /* Headers */ = {
			isa = PBXHeadersBuildPhase;
			buildActionMask = 2147483647;
			files = (
				443F0ADC259123FE00E15437 /* VinchyAuthorization.h in Headers */,
			);
			runOnlyForDeploymentPostprocessing = 0;
		};
/* End PBXHeadersBuildPhase section */

/* Begin PBXNativeTarget section */
		443F0AD6259123FE00E15437 /* VinchyAuthorization */ = {
			isa = PBXNativeTarget;
			buildConfigurationList = 443F0ADF259123FE00E15437 /* Build configuration list for PBXNativeTarget "VinchyAuthorization" */;
			buildPhases = (
				E955512D04A93EDA9BF95EC7 /* [CP] Check Pods Manifest.lock */,
				443F0AD2259123FE00E15437 /* Headers */,
				443F0AD3259123FE00E15437 /* Sources */,
				443F0AD4259123FE00E15437 /* Frameworks */,
				443F0AD5259123FE00E15437 /* Resources */,
			);
			buildRules = (
			);
			dependencies = (
			);
			name = VinchyAuthorization;
			productName = VinchyAuthorization;
			productReference = 443F0AD7259123FE00E15437 /* VinchyAuthorization.framework */;
			productType = "com.apple.product-type.framework";
		};
		443F0B0B2591282C00E15437 /* VinchyAuthorizationApp */ = {
			isa = PBXNativeTarget;
			buildConfigurationList = 443F0B332591282D00E15437 /* Build configuration list for PBXNativeTarget "VinchyAuthorizationApp" */;
			buildPhases = (
				568967863572074888866CB3 /* [CP] Check Pods Manifest.lock */,
				443F0B082591282C00E15437 /* Sources */,
				443F0B092591282C00E15437 /* Frameworks */,
				443F0B0A2591282C00E15437 /* Resources */,
				44E83A0B25D1A40800711490 /* Embed Frameworks */,
				72BC67B4B861DB488C39945E /* [CP] Embed Pods Frameworks */,
			);
			buildRules = (
			);
			dependencies = (
				4436017525CEDCF700ABA7F1 /* PBXTargetDependency */,
			);
			name = VinchyAuthorizationApp;
			productName = VinchyAuthorizationApp;
			productReference = 443F0B0C2591282C00E15437 /* VinchyAuthorizationApp.app */;
			productType = "com.apple.product-type.application";
		};
		443F0B202591282D00E15437 /* VinchyAuthorizationAppTests */ = {
			isa = PBXNativeTarget;
			buildConfigurationList = 443F0B362591282D00E15437 /* Build configuration list for PBXNativeTarget "VinchyAuthorizationAppTests" */;
			buildPhases = (
				443F0B1D2591282D00E15437 /* Sources */,
				443F0B1E2591282D00E15437 /* Frameworks */,
				443F0B1F2591282D00E15437 /* Resources */,
			);
			buildRules = (
			);
			dependencies = (
				443F0B232591282D00E15437 /* PBXTargetDependency */,
			);
			name = VinchyAuthorizationAppTests;
			productName = VinchyAuthorizationAppTests;
			productReference = 443F0B212591282D00E15437 /* VinchyAuthorizationAppTests.xctest */;
			productType = "com.apple.product-type.bundle.unit-test";
		};
		443F0B2B2591282D00E15437 /* VinchyAuthorizationAppUITests */ = {
			isa = PBXNativeTarget;
			buildConfigurationList = 443F0B392591282D00E15437 /* Build configuration list for PBXNativeTarget "VinchyAuthorizationAppUITests" */;
			buildPhases = (
				443F0B282591282D00E15437 /* Sources */,
				443F0B292591282D00E15437 /* Frameworks */,
				443F0B2A2591282D00E15437 /* Resources */,
			);
			buildRules = (
			);
			dependencies = (
				443F0B2E2591282D00E15437 /* PBXTargetDependency */,
			);
			name = VinchyAuthorizationAppUITests;
			productName = VinchyAuthorizationAppUITests;
			productReference = 443F0B2C2591282D00E15437 /* VinchyAuthorizationAppUITests.xctest */;
			productType = "com.apple.product-type.bundle.ui-testing";
		};
/* End PBXNativeTarget section */

/* Begin PBXProject section */
		443F0ACE259123FD00E15437 /* Project object */ = {
			isa = PBXProject;
			attributes = {
				LastSwiftUpdateCheck = 1230;
				LastUpgradeCheck = 1230;
				TargetAttributes = {
					443F0AD6259123FE00E15437 = {
						CreatedOnToolsVersion = 12.3;
						LastSwiftMigration = 1230;
					};
					443F0B0B2591282C00E15437 = {
						CreatedOnToolsVersion = 12.3;
					};
					443F0B202591282D00E15437 = {
						CreatedOnToolsVersion = 12.3;
						TestTargetID = 443F0B0B2591282C00E15437;
					};
					443F0B2B2591282D00E15437 = {
						CreatedOnToolsVersion = 12.3;
						TestTargetID = 443F0B0B2591282C00E15437;
					};
				};
			};
			buildConfigurationList = 443F0AD1259123FD00E15437 /* Build configuration list for PBXProject "VinchyAuthorization" */;
			compatibilityVersion = "Xcode 9.3";
			developmentRegion = en;
			hasScannedForEncodings = 0;
			knownRegions = (
				en,
				Base,
				ru,
			);
			mainGroup = 443F0ACD259123FD00E15437;
			productRefGroup = 443F0AD8259123FE00E15437 /* Products */;
			projectDirPath = "";
			projectRoot = "";
			targets = (
				443F0AD6259123FE00E15437 /* VinchyAuthorization */,
				443F0B0B2591282C00E15437 /* VinchyAuthorizationApp */,
				443F0B202591282D00E15437 /* VinchyAuthorizationAppTests */,
				443F0B2B2591282D00E15437 /* VinchyAuthorizationAppUITests */,
			);
		};
/* End PBXProject section */

/* Begin PBXResourcesBuildPhase section */
		443F0AD5259123FE00E15437 /* Resources */ = {
			isa = PBXResourcesBuildPhase;
			buildActionMask = 2147483647;
			files = (
				44E83A4B25D1B03D00711490 /* Localizable.strings in Resources */,
			);
			runOnlyForDeploymentPostprocessing = 0;
		};
		443F0B0A2591282C00E15437 /* Resources */ = {
			isa = PBXResourcesBuildPhase;
			buildActionMask = 2147483647;
			files = (
				443F0B1B2591282D00E15437 /* LaunchScreen.storyboard in Resources */,
				443F0B182591282D00E15437 /* Assets.xcassets in Resources */,
				443F0B162591282C00E15437 /* Main.storyboard in Resources */,
			);
			runOnlyForDeploymentPostprocessing = 0;
		};
		443F0B1F2591282D00E15437 /* Resources */ = {
			isa = PBXResourcesBuildPhase;
			buildActionMask = 2147483647;
			files = (
			);
			runOnlyForDeploymentPostprocessing = 0;
		};
		443F0B2A2591282D00E15437 /* Resources */ = {
			isa = PBXResourcesBuildPhase;
			buildActionMask = 2147483647;
			files = (
			);
			runOnlyForDeploymentPostprocessing = 0;
		};
/* End PBXResourcesBuildPhase section */

/* Begin PBXShellScriptBuildPhase section */
		568967863572074888866CB3 /* [CP] Check Pods Manifest.lock */ = {
			isa = PBXShellScriptBuildPhase;
			buildActionMask = 2147483647;
			files = (
			);
			inputFileListPaths = (
			);
			inputPaths = (
				"${PODS_PODFILE_DIR_PATH}/Podfile.lock",
				"${PODS_ROOT}/Manifest.lock",
			);
			name = "[CP] Check Pods Manifest.lock";
			outputFileListPaths = (
			);
			outputPaths = (
				"$(DERIVED_FILE_DIR)/Pods-VinchyAuthorizationApp-checkManifestLockResult.txt",
			);
			runOnlyForDeploymentPostprocessing = 0;
			shellPath = /bin/sh;
			shellScript = "diff \"${PODS_PODFILE_DIR_PATH}/Podfile.lock\" \"${PODS_ROOT}/Manifest.lock\" > /dev/null\nif [ $? != 0 ] ; then\n    # print error to STDERR\n    echo \"error: The sandbox is not in sync with the Podfile.lock. Run 'pod install' or update your CocoaPods installation.\" >&2\n    exit 1\nfi\n# This output is used by Xcode 'outputs' to avoid re-running this script phase.\necho \"SUCCESS\" > \"${SCRIPT_OUTPUT_FILE_0}\"\n";
			showEnvVarsInLog = 0;
		};
		72BC67B4B861DB488C39945E /* [CP] Embed Pods Frameworks */ = {
			isa = PBXShellScriptBuildPhase;
			buildActionMask = 2147483647;
			files = (
			);
			inputFileListPaths = (
				"${PODS_ROOT}/Target Support Files/Pods-VinchyAuthorizationApp/Pods-VinchyAuthorizationApp-frameworks-${CONFIGURATION}-input-files.xcfilelist",
			);
			name = "[CP] Embed Pods Frameworks";
			outputFileListPaths = (
				"${PODS_ROOT}/Target Support Files/Pods-VinchyAuthorizationApp/Pods-VinchyAuthorizationApp-frameworks-${CONFIGURATION}-output-files.xcfilelist",
			);
			runOnlyForDeploymentPostprocessing = 0;
			shellPath = /bin/sh;
			shellScript = "\"${PODS_ROOT}/Target Support Files/Pods-VinchyAuthorizationApp/Pods-VinchyAuthorizationApp-frameworks.sh\"\n";
			showEnvVarsInLog = 0;
		};
		E955512D04A93EDA9BF95EC7 /* [CP] Check Pods Manifest.lock */ = {
			isa = PBXShellScriptBuildPhase;
			buildActionMask = 2147483647;
			files = (
			);
			inputFileListPaths = (
			);
			inputPaths = (
				"${PODS_PODFILE_DIR_PATH}/Podfile.lock",
				"${PODS_ROOT}/Manifest.lock",
			);
			name = "[CP] Check Pods Manifest.lock";
			outputFileListPaths = (
			);
			outputPaths = (
				"$(DERIVED_FILE_DIR)/Pods-VinchyAuthorization-checkManifestLockResult.txt",
			);
			runOnlyForDeploymentPostprocessing = 0;
			shellPath = /bin/sh;
			shellScript = "diff \"${PODS_PODFILE_DIR_PATH}/Podfile.lock\" \"${PODS_ROOT}/Manifest.lock\" > /dev/null\nif [ $? != 0 ] ; then\n    # print error to STDERR\n    echo \"error: The sandbox is not in sync with the Podfile.lock. Run 'pod install' or update your CocoaPods installation.\" >&2\n    exit 1\nfi\n# This output is used by Xcode 'outputs' to avoid re-running this script phase.\necho \"SUCCESS\" > \"${SCRIPT_OUTPUT_FILE_0}\"\n";
			showEnvVarsInLog = 0;
		};
/* End PBXShellScriptBuildPhase section */

/* Begin PBXSourcesBuildPhase section */
		443F0AD3259123FE00E15437 /* Sources */ = {
			isa = PBXSourcesBuildPhase;
			buildActionMask = 2147483647;
			files = (
				44AD9A8325936CDB001A5188 /* EnterPasswordPresenter.swift in Sources */,
				44E2163725CD2D5F00FE31CE /* ChooseAuthTypeInteractor.swift in Sources */,
				44AD9A7B25936CDB001A5188 /* EnterPasswordViewModel.swift in Sources */,
				441F760825D19ADA008DC46B /* AuthorizationNavigationController.swift in Sources */,
				443F0B05259126F200E15437 /* AuthorizationRouterProtocol.swift in Sources */,
				44E2163425CD2D5F00FE31CE /* ChooseAuthTypePresenterProtocol.swift in Sources */,
				443F0B00259126F200E15437 /* AuthorizationViewController.swift in Sources */,
				44AD9A7D25936CDB001A5188 /* EnterPasswordInput.swift in Sources */,
				443F0B03259126F200E15437 /* AuthorizationInteractorProtocol.swift in Sources */,
				443F0AFF259126F200E15437 /* AuthorizationPresenterProtocol.swift in Sources */,
				443F0AFE259126F200E15437 /* AuthorizationPresenter.swift in Sources */,
				443F0B04259126F200E15437 /* AuthorizationRouter.swift in Sources */,
				443F0AFD259126F200E15437 /* AuthorizationAssembly.swift in Sources */,
				44AD9A8D25936CDB001A5188 /* EnterPasswordRouterProtocol.swift in Sources */,
				44AD9A8525936CDB001A5188 /* EnterPasswordViewController.swift in Sources */,
				740EC931268DF58A0000718B /* OTPStackView.swift in Sources */,
				44E2163025CD2D5F00FE31CE /* ChooseAuthTypeViewModel.swift in Sources */,
				443F0B02259126F200E15437 /* AuthorizationInteractor.swift in Sources */,
				44E2163525CD2D5F00FE31CE /* ChooseAuthTypeViewControllerProtocol.swift in Sources */,
				443F0B01259126F200E15437 /* AuthorizationViewControllerProtocol.swift in Sources */,
				44E2163225CD2D5F00FE31CE /* ChooseAuthTypeAssembly.swift in Sources */,
				44E2163625CD2D5F00FE31CE /* ChooseAuthTypeViewController.swift in Sources */,
				740EC933268DF6BC0000718B /* OTPTextField.swift in Sources */,
				44AD9A8F25936CDB001A5188 /* EnterPasswordRouter.swift in Sources */,
				44AD9A8925936CDB001A5188 /* EnterPasswordInteractor.swift in Sources */,
				44E2163125CD2D5F00FE31CE /* ChooseAuthTypeInput.swift in Sources */,
				44AD9A8B25936CDB001A5188 /* EnterPasswordInteractorProtocol.swift in Sources */,
				44AD9A8125936CDB001A5188 /* EnterPasswordPresenterProtocol.swift in Sources */,
				44E2163925CD2D5F00FE31CE /* ChooseAuthTypeRouterProtocol.swift in Sources */,
				44E2163825CD2D5F00FE31CE /* ChooseAuthTypeInteractorProtocol.swift in Sources */,
				44E2163A25CD2D5F00FE31CE /* ChooseAuthTypeRouter.swift in Sources */,
				44AD9A8725936CDB001A5188 /* EnterPasswordViewControllerProtocol.swift in Sources */,
				443F0AFC259126F200E15437 /* AuthorizationInput.swift in Sources */,
				443F0AFB259126F200E15437 /* AuthorizationViewModel.swift in Sources */,
				44AD9A7F25936CDB001A5188 /* EnterPasswordAssembly.swift in Sources */,
				44E2163325CD2D5F00FE31CE /* ChooseAuthTypePresenter.swift in Sources */,
			);
			runOnlyForDeploymentPostprocessing = 0;
		};
		443F0B082591282C00E15437 /* Sources */ = {
			isa = PBXSourcesBuildPhase;
			buildActionMask = 2147483647;
			files = (
				443F0B132591282C00E15437 /* ViewController.swift in Sources */,
				443F0B0F2591282C00E15437 /* AppDelegate.swift in Sources */,
				443F0B112591282C00E15437 /* SceneDelegate.swift in Sources */,
			);
			runOnlyForDeploymentPostprocessing = 0;
		};
		443F0B1D2591282D00E15437 /* Sources */ = {
			isa = PBXSourcesBuildPhase;
			buildActionMask = 2147483647;
			files = (
				443F0B262591282D00E15437 /* VinchyAuthorizationAppTests.swift in Sources */,
			);
			runOnlyForDeploymentPostprocessing = 0;
		};
		443F0B282591282D00E15437 /* Sources */ = {
			isa = PBXSourcesBuildPhase;
			buildActionMask = 2147483647;
			files = (
				443F0B312591282D00E15437 /* VinchyAuthorizationAppUITests.swift in Sources */,
			);
			runOnlyForDeploymentPostprocessing = 0;
		};
/* End PBXSourcesBuildPhase section */

/* Begin PBXTargetDependency section */
		4436017525CEDCF700ABA7F1 /* PBXTargetDependency */ = {
			isa = PBXTargetDependency;
			target = 443F0AD6259123FE00E15437 /* VinchyAuthorization */;
			targetProxy = 4436017425CEDCF700ABA7F1 /* PBXContainerItemProxy */;
		};
		443F0B232591282D00E15437 /* PBXTargetDependency */ = {
			isa = PBXTargetDependency;
			target = 443F0B0B2591282C00E15437 /* VinchyAuthorizationApp */;
			targetProxy = 443F0B222591282D00E15437 /* PBXContainerItemProxy */;
		};
		443F0B2E2591282D00E15437 /* PBXTargetDependency */ = {
			isa = PBXTargetDependency;
			target = 443F0B0B2591282C00E15437 /* VinchyAuthorizationApp */;
			targetProxy = 443F0B2D2591282D00E15437 /* PBXContainerItemProxy */;
		};
/* End PBXTargetDependency section */

/* Begin PBXVariantGroup section */
		443F0B142591282C00E15437 /* Main.storyboard */ = {
			isa = PBXVariantGroup;
			children = (
				443F0B152591282C00E15437 /* Base */,
				44E83A5025D1B07300711490 /* ru */,
			);
			name = Main.storyboard;
			sourceTree = "<group>";
		};
		443F0B192591282D00E15437 /* LaunchScreen.storyboard */ = {
			isa = PBXVariantGroup;
			children = (
				443F0B1A2591282D00E15437 /* Base */,
				44E83A5125D1B07300711490 /* ru */,
			);
			name = LaunchScreen.storyboard;
			sourceTree = "<group>";
		};
		44E83A4D25D1B03D00711490 /* Localizable.strings */ = {
			isa = PBXVariantGroup;
			children = (
				44E83A4C25D1B03D00711490 /* en */,
				44E83A5225D1B07300711490 /* ru */,
			);
			name = Localizable.strings;
			sourceTree = "<group>";
		};
/* End PBXVariantGroup section */

/* Begin XCBuildConfiguration section */
		443F0ADD259123FE00E15437 /* Debug */ = {
			isa = XCBuildConfiguration;
			buildSettings = {
				ALWAYS_SEARCH_USER_PATHS = NO;
				CLANG_ANALYZER_LOCALIZABILITY_NONLOCALIZED = YES;
				CLANG_ANALYZER_NONNULL = YES;
				CLANG_ANALYZER_NUMBER_OBJECT_CONVERSION = YES_AGGRESSIVE;
				CLANG_CXX_LANGUAGE_STANDARD = "gnu++14";
				CLANG_CXX_LIBRARY = "libc++";
				CLANG_ENABLE_MODULES = YES;
				CLANG_ENABLE_OBJC_ARC = YES;
				CLANG_ENABLE_OBJC_WEAK = YES;
				CLANG_WARN_BLOCK_CAPTURE_AUTORELEASING = YES;
				CLANG_WARN_BOOL_CONVERSION = YES;
				CLANG_WARN_COMMA = YES;
				CLANG_WARN_CONSTANT_CONVERSION = YES;
				CLANG_WARN_DEPRECATED_OBJC_IMPLEMENTATIONS = YES;
				CLANG_WARN_DIRECT_OBJC_ISA_USAGE = YES_ERROR;
				CLANG_WARN_DOCUMENTATION_COMMENTS = YES;
				CLANG_WARN_EMPTY_BODY = YES;
				CLANG_WARN_ENUM_CONVERSION = YES;
				CLANG_WARN_INFINITE_RECURSION = YES;
				CLANG_WARN_INT_CONVERSION = YES;
				CLANG_WARN_NON_LITERAL_NULL_CONVERSION = YES;
				CLANG_WARN_OBJC_IMPLICIT_RETAIN_SELF = YES;
				CLANG_WARN_OBJC_LITERAL_CONVERSION = YES;
				CLANG_WARN_OBJC_ROOT_CLASS = YES_ERROR;
				CLANG_WARN_QUOTED_INCLUDE_IN_FRAMEWORK_HEADER = YES;
				CLANG_WARN_RANGE_LOOP_ANALYSIS = YES;
				CLANG_WARN_STRICT_PROTOTYPES = YES;
				CLANG_WARN_SUSPICIOUS_MOVE = YES;
				CLANG_WARN_UNGUARDED_AVAILABILITY = YES_AGGRESSIVE;
				CLANG_WARN_UNREACHABLE_CODE = YES;
				CLANG_WARN__DUPLICATE_METHOD_MATCH = YES;
				COPY_PHASE_STRIP = NO;
				CURRENT_PROJECT_VERSION = 1;
				DEBUG_INFORMATION_FORMAT = dwarf;
				ENABLE_STRICT_OBJC_MSGSEND = YES;
				ENABLE_TESTABILITY = YES;
				GCC_C_LANGUAGE_STANDARD = gnu11;
				GCC_DYNAMIC_NO_PIC = NO;
				GCC_NO_COMMON_BLOCKS = YES;
				GCC_OPTIMIZATION_LEVEL = 0;
				GCC_PREPROCESSOR_DEFINITIONS = (
					"DEBUG=1",
					"$(inherited)",
				);
				GCC_WARN_64_TO_32_BIT_CONVERSION = YES;
				GCC_WARN_ABOUT_RETURN_TYPE = YES_ERROR;
				GCC_WARN_UNDECLARED_SELECTOR = YES;
				GCC_WARN_UNINITIALIZED_AUTOS = YES_AGGRESSIVE;
				GCC_WARN_UNUSED_FUNCTION = YES;
				GCC_WARN_UNUSED_VARIABLE = YES;
				IPHONEOS_DEPLOYMENT_TARGET = 13.0;
				MTL_ENABLE_DEBUG_INFO = INCLUDE_SOURCE;
				MTL_FAST_MATH = YES;
				ONLY_ACTIVE_ARCH = YES;
				SDKROOT = iphoneos;
				SWIFT_ACTIVE_COMPILATION_CONDITIONS = DEBUG;
				SWIFT_OPTIMIZATION_LEVEL = "-Onone";
				VERSIONING_SYSTEM = "apple-generic";
				VERSION_INFO_PREFIX = "";
			};
			name = Debug;
		};
		443F0ADE259123FE00E15437 /* Release */ = {
			isa = XCBuildConfiguration;
			buildSettings = {
				ALWAYS_SEARCH_USER_PATHS = NO;
				CLANG_ANALYZER_LOCALIZABILITY_NONLOCALIZED = YES;
				CLANG_ANALYZER_NONNULL = YES;
				CLANG_ANALYZER_NUMBER_OBJECT_CONVERSION = YES_AGGRESSIVE;
				CLANG_CXX_LANGUAGE_STANDARD = "gnu++14";
				CLANG_CXX_LIBRARY = "libc++";
				CLANG_ENABLE_MODULES = YES;
				CLANG_ENABLE_OBJC_ARC = YES;
				CLANG_ENABLE_OBJC_WEAK = YES;
				CLANG_WARN_BLOCK_CAPTURE_AUTORELEASING = YES;
				CLANG_WARN_BOOL_CONVERSION = YES;
				CLANG_WARN_COMMA = YES;
				CLANG_WARN_CONSTANT_CONVERSION = YES;
				CLANG_WARN_DEPRECATED_OBJC_IMPLEMENTATIONS = YES;
				CLANG_WARN_DIRECT_OBJC_ISA_USAGE = YES_ERROR;
				CLANG_WARN_DOCUMENTATION_COMMENTS = YES;
				CLANG_WARN_EMPTY_BODY = YES;
				CLANG_WARN_ENUM_CONVERSION = YES;
				CLANG_WARN_INFINITE_RECURSION = YES;
				CLANG_WARN_INT_CONVERSION = YES;
				CLANG_WARN_NON_LITERAL_NULL_CONVERSION = YES;
				CLANG_WARN_OBJC_IMPLICIT_RETAIN_SELF = YES;
				CLANG_WARN_OBJC_LITERAL_CONVERSION = YES;
				CLANG_WARN_OBJC_ROOT_CLASS = YES_ERROR;
				CLANG_WARN_QUOTED_INCLUDE_IN_FRAMEWORK_HEADER = YES;
				CLANG_WARN_RANGE_LOOP_ANALYSIS = YES;
				CLANG_WARN_STRICT_PROTOTYPES = YES;
				CLANG_WARN_SUSPICIOUS_MOVE = YES;
				CLANG_WARN_UNGUARDED_AVAILABILITY = YES_AGGRESSIVE;
				CLANG_WARN_UNREACHABLE_CODE = YES;
				CLANG_WARN__DUPLICATE_METHOD_MATCH = YES;
				COPY_PHASE_STRIP = NO;
				CURRENT_PROJECT_VERSION = 1;
				DEBUG_INFORMATION_FORMAT = "dwarf-with-dsym";
				ENABLE_NS_ASSERTIONS = NO;
				ENABLE_STRICT_OBJC_MSGSEND = YES;
				GCC_C_LANGUAGE_STANDARD = gnu11;
				GCC_NO_COMMON_BLOCKS = YES;
				GCC_WARN_64_TO_32_BIT_CONVERSION = YES;
				GCC_WARN_ABOUT_RETURN_TYPE = YES_ERROR;
				GCC_WARN_UNDECLARED_SELECTOR = YES;
				GCC_WARN_UNINITIALIZED_AUTOS = YES_AGGRESSIVE;
				GCC_WARN_UNUSED_FUNCTION = YES;
				GCC_WARN_UNUSED_VARIABLE = YES;
				IPHONEOS_DEPLOYMENT_TARGET = 13.0;
				MTL_ENABLE_DEBUG_INFO = NO;
				MTL_FAST_MATH = YES;
				SDKROOT = iphoneos;
				SWIFT_COMPILATION_MODE = wholemodule;
				SWIFT_OPTIMIZATION_LEVEL = "-O";
				VALIDATE_PRODUCT = YES;
				VERSIONING_SYSTEM = "apple-generic";
				VERSION_INFO_PREFIX = "";
			};
			name = Release;
		};
		443F0AE0259123FE00E15437 /* Debug */ = {
			isa = XCBuildConfiguration;
			baseConfigurationReference = E5069D60CC81C970BB1FD8B4 /* Pods-VinchyAuthorization.debug.xcconfig */;
			buildSettings = {
				CLANG_ENABLE_MODULES = YES;
				CODE_SIGN_STYLE = Automatic;
				DEFINES_MODULE = YES;
				DEVELOPMENT_TEAM = YKG5C7DUKF;
				DYLIB_COMPATIBILITY_VERSION = 1;
				DYLIB_CURRENT_VERSION = 1;
				DYLIB_INSTALL_NAME_BASE = "@rpath";
				INFOPLIST_FILE = VinchyAuthorization/Info.plist;
				INSTALL_PATH = "$(LOCAL_LIBRARY_DIR)/Frameworks";
				IPHONEOS_DEPLOYMENT_TARGET = 13.0;
				LD_RUNPATH_SEARCH_PATHS = (
					"$(inherited)",
					"@executable_path/Frameworks",
					"@loader_path/Frameworks",
				);
				PRODUCT_BUNDLE_IDENTIFIER = tech.vinchy.VinchyAuthorization;
				PRODUCT_NAME = "$(TARGET_NAME:c99extidentifier)";
				SKIP_INSTALL = YES;
				SUPPORTS_MACCATALYST = NO;
				SWIFT_ACTIVE_COMPILATION_CONDITIONS = "DEBUG APPCLIP";
				SWIFT_OPTIMIZATION_LEVEL = "-Onone";
				SWIFT_REFLECTION_METADATA_LEVEL = none;
				SWIFT_VERSION = 5.0;
				TARGETED_DEVICE_FAMILY = 1;
			};
			name = Debug;
		};
		443F0AE1259123FE00E15437 /* Release */ = {
			isa = XCBuildConfiguration;
			baseConfigurationReference = FEB2CC41F7F0BC80C2F1BBD6 /* Pods-VinchyAuthorization.release.xcconfig */;
			buildSettings = {
				CLANG_ENABLE_MODULES = YES;
				CODE_SIGN_STYLE = Automatic;
				DEFINES_MODULE = YES;
				DEVELOPMENT_TEAM = YKG5C7DUKF;
				DYLIB_COMPATIBILITY_VERSION = 1;
				DYLIB_CURRENT_VERSION = 1;
				DYLIB_INSTALL_NAME_BASE = "@rpath";
				INFOPLIST_FILE = VinchyAuthorization/Info.plist;
				INSTALL_PATH = "$(LOCAL_LIBRARY_DIR)/Frameworks";
				IPHONEOS_DEPLOYMENT_TARGET = 13.0;
				LD_RUNPATH_SEARCH_PATHS = (
					"$(inherited)",
					"@executable_path/Frameworks",
					"@loader_path/Frameworks",
				);
				PRODUCT_BUNDLE_IDENTIFIER = tech.vinchy.VinchyAuthorization;
				PRODUCT_NAME = "$(TARGET_NAME:c99extidentifier)";
				SKIP_INSTALL = YES;
				SUPPORTS_MACCATALYST = NO;
				SWIFT_ACTIVE_COMPILATION_CONDITIONS = APPCLIP;
				SWIFT_REFLECTION_METADATA_LEVEL = none;
				SWIFT_VERSION = 5.0;
				TARGETED_DEVICE_FAMILY = 1;
			};
			name = Release;
		};
		443F0B342591282D00E15437 /* Debug */ = {
			isa = XCBuildConfiguration;
			baseConfigurationReference = C0142329D2F9663DDB44D2E0 /* Pods-VinchyAuthorizationApp.debug.xcconfig */;
			buildSettings = {
				ASSETCATALOG_COMPILER_APPICON_NAME = AppIcon;
				ASSETCATALOG_COMPILER_GLOBAL_ACCENT_COLOR_NAME = AccentColor;
				CODE_SIGN_ENTITLEMENTS = VinchyAuthorizationApp/VinchyAuthorizationApp.entitlements;
				CODE_SIGN_STYLE = Automatic;
				DEVELOPMENT_TEAM = YKG5C7DUKF;
				INFOPLIST_FILE = VinchyAuthorizationApp/Info.plist;
				IPHONEOS_DEPLOYMENT_TARGET = 13.0;
				LD_RUNPATH_SEARCH_PATHS = (
					"$(inherited)",
					"@executable_path/Frameworks",
				);
				PRODUCT_BUNDLE_IDENTIFIER = tech.vinchy.VinchyAuthorizationApp;
				PRODUCT_NAME = "$(TARGET_NAME)";
				SWIFT_ACTIVE_COMPILATION_CONDITIONS = "DEBUG APPCLIP";
				SWIFT_VERSION = 5.0;
				TARGETED_DEVICE_FAMILY = 1;
			};
			name = Debug;
		};
		443F0B352591282D00E15437 /* Release */ = {
			isa = XCBuildConfiguration;
			baseConfigurationReference = 554E2FC96295A4F8F9FE9A68 /* Pods-VinchyAuthorizationApp.release.xcconfig */;
			buildSettings = {
				ASSETCATALOG_COMPILER_APPICON_NAME = AppIcon;
				ASSETCATALOG_COMPILER_GLOBAL_ACCENT_COLOR_NAME = AccentColor;
				CODE_SIGN_ENTITLEMENTS = VinchyAuthorizationApp/VinchyAuthorizationApp.entitlements;
				CODE_SIGN_STYLE = Automatic;
				DEVELOPMENT_TEAM = YKG5C7DUKF;
				INFOPLIST_FILE = VinchyAuthorizationApp/Info.plist;
				IPHONEOS_DEPLOYMENT_TARGET = 13.0;
				LD_RUNPATH_SEARCH_PATHS = (
					"$(inherited)",
					"@executable_path/Frameworks",
				);
				PRODUCT_BUNDLE_IDENTIFIER = tech.vinchy.VinchyAuthorizationApp;
				PRODUCT_NAME = "$(TARGET_NAME)";
				SWIFT_ACTIVE_COMPILATION_CONDITIONS = APPCLIP;
				SWIFT_VERSION = 5.0;
				TARGETED_DEVICE_FAMILY = 1;
			};
			name = Release;
		};
		443F0B372591282D00E15437 /* Debug */ = {
			isa = XCBuildConfiguration;
			buildSettings = {
				ALWAYS_EMBED_SWIFT_STANDARD_LIBRARIES = YES;
				BUNDLE_LOADER = "$(TEST_HOST)";
				CODE_SIGN_STYLE = Automatic;
				DEVELOPMENT_TEAM = YKG5C7DUKF;
				INFOPLIST_FILE = VinchyAuthorizationAppTests/Info.plist;
				IPHONEOS_DEPLOYMENT_TARGET = 14.3;
				LD_RUNPATH_SEARCH_PATHS = (
					"$(inherited)",
					"@executable_path/Frameworks",
					"@loader_path/Frameworks",
				);
				PRODUCT_BUNDLE_IDENTIFIER = tech.vinchy.VinchyAuthorizationAppTests;
				PRODUCT_NAME = "$(TARGET_NAME)";
				SWIFT_VERSION = 5.0;
				TARGETED_DEVICE_FAMILY = "1,2";
				TEST_HOST = "$(BUILT_PRODUCTS_DIR)/VinchyAuthorizationApp.app/VinchyAuthorizationApp";
			};
			name = Debug;
		};
		443F0B382591282D00E15437 /* Release */ = {
			isa = XCBuildConfiguration;
			buildSettings = {
				ALWAYS_EMBED_SWIFT_STANDARD_LIBRARIES = YES;
				BUNDLE_LOADER = "$(TEST_HOST)";
				CODE_SIGN_STYLE = Automatic;
				DEVELOPMENT_TEAM = YKG5C7DUKF;
				INFOPLIST_FILE = VinchyAuthorizationAppTests/Info.plist;
				IPHONEOS_DEPLOYMENT_TARGET = 14.3;
				LD_RUNPATH_SEARCH_PATHS = (
					"$(inherited)",
					"@executable_path/Frameworks",
					"@loader_path/Frameworks",
				);
				PRODUCT_BUNDLE_IDENTIFIER = tech.vinchy.VinchyAuthorizationAppTests;
				PRODUCT_NAME = "$(TARGET_NAME)";
				SWIFT_VERSION = 5.0;
				TARGETED_DEVICE_FAMILY = "1,2";
				TEST_HOST = "$(BUILT_PRODUCTS_DIR)/VinchyAuthorizationApp.app/VinchyAuthorizationApp";
			};
			name = Release;
		};
		443F0B3A2591282D00E15437 /* Debug */ = {
			isa = XCBuildConfiguration;
			buildSettings = {
				ALWAYS_EMBED_SWIFT_STANDARD_LIBRARIES = YES;
				CODE_SIGN_STYLE = Automatic;
				DEVELOPMENT_TEAM = YKG5C7DUKF;
				INFOPLIST_FILE = VinchyAuthorizationAppUITests/Info.plist;
				LD_RUNPATH_SEARCH_PATHS = (
					"$(inherited)",
					"@executable_path/Frameworks",
					"@loader_path/Frameworks",
				);
				PRODUCT_BUNDLE_IDENTIFIER = tech.vinchy.VinchyAuthorizationAppUITests;
				PRODUCT_NAME = "$(TARGET_NAME)";
				SWIFT_VERSION = 5.0;
				TARGETED_DEVICE_FAMILY = "1,2";
				TEST_TARGET_NAME = VinchyAuthorizationApp;
			};
			name = Debug;
		};
		443F0B3B2591282D00E15437 /* Release */ = {
			isa = XCBuildConfiguration;
			buildSettings = {
				ALWAYS_EMBED_SWIFT_STANDARD_LIBRARIES = YES;
				CODE_SIGN_STYLE = Automatic;
				DEVELOPMENT_TEAM = YKG5C7DUKF;
				INFOPLIST_FILE = VinchyAuthorizationAppUITests/Info.plist;
				LD_RUNPATH_SEARCH_PATHS = (
					"$(inherited)",
					"@executable_path/Frameworks",
					"@loader_path/Frameworks",
				);
				PRODUCT_BUNDLE_IDENTIFIER = tech.vinchy.VinchyAuthorizationAppUITests;
				PRODUCT_NAME = "$(TARGET_NAME)";
				SWIFT_VERSION = 5.0;
				TARGETED_DEVICE_FAMILY = "1,2";
				TEST_TARGET_NAME = VinchyAuthorizationApp;
			};
			name = Release;
		};
/* End XCBuildConfiguration section */

/* Begin XCConfigurationList section */
		443F0AD1259123FD00E15437 /* Build configuration list for PBXProject "VinchyAuthorization" */ = {
			isa = XCConfigurationList;
			buildConfigurations = (
				443F0ADD259123FE00E15437 /* Debug */,
				443F0ADE259123FE00E15437 /* Release */,
			);
			defaultConfigurationIsVisible = 0;
			defaultConfigurationName = Release;
		};
		443F0ADF259123FE00E15437 /* Build configuration list for PBXNativeTarget "VinchyAuthorization" */ = {
			isa = XCConfigurationList;
			buildConfigurations = (
				443F0AE0259123FE00E15437 /* Debug */,
				443F0AE1259123FE00E15437 /* Release */,
			);
			defaultConfigurationIsVisible = 0;
			defaultConfigurationName = Release;
		};
		443F0B332591282D00E15437 /* Build configuration list for PBXNativeTarget "VinchyAuthorizationApp" */ = {
			isa = XCConfigurationList;
			buildConfigurations = (
				443F0B342591282D00E15437 /* Debug */,
				443F0B352591282D00E15437 /* Release */,
			);
			defaultConfigurationIsVisible = 0;
			defaultConfigurationName = Release;
		};
		443F0B362591282D00E15437 /* Build configuration list for PBXNativeTarget "VinchyAuthorizationAppTests" */ = {
			isa = XCConfigurationList;
			buildConfigurations = (
				443F0B372591282D00E15437 /* Debug */,
				443F0B382591282D00E15437 /* Release */,
			);
			defaultConfigurationIsVisible = 0;
			defaultConfigurationName = Release;
		};
		443F0B392591282D00E15437 /* Build configuration list for PBXNativeTarget "VinchyAuthorizationAppUITests" */ = {
			isa = XCConfigurationList;
			buildConfigurations = (
				443F0B3A2591282D00E15437 /* Debug */,
				443F0B3B2591282D00E15437 /* Release */,
			);
			defaultConfigurationIsVisible = 0;
			defaultConfigurationName = Release;
		};
/* End XCConfigurationList section */
	};
	rootObject = 443F0ACE259123FD00E15437 /* Project object */;
}
