{
  "object": {
    "pins": [
      {
        "package": "KeychainAccess",
        "repositoryURL": "https://github.com/kishikawakatsumi/KeychainAccess.git",
        "state": {
          "branch": null,
          "revision": "84e546727d66f1adc5439debad16270d0fdd04e7",
          "version": "4.2.2"
        }
      },
      {
        "package": "Sheeeeeeeeet",
        "repositoryURL": "https://github.com/danielsaidi/Sheeeeeeeeet.git",
        "state": {
          "branch": null,
          "revision": "5f8b6b4fb427b4261023b2c1ff2d986db86b2800",
          "version": "3.2.1"
        }
      },
      {
        "package": "SPAlert",
        "repositoryURL": "https://github.com/ivanvorobei/SPAlert.git",
        "state": {
          "branch": null,
          "revision": "18862409586ac547bcdf8957cd96beb872fbc729",
          "version": "2.1.4"
        }
      }
    ]
  },
  "version": 1
}
