// !$*UTF8*$!
{
	archiveVersion = 1;
	classes = {
	};
	objectVersion = 55;
	objects = {

/* Begin PBXBuildFile section */
		2D78045B1B2C166C0F68AEE5 /* Pods_AdvancedSearch.framework in Frameworks */ = {isa = PBXBuildFile; fileRef = 03656F895969D9294D55541A /* Pods_AdvancedSearch.framework */; };
		8A07B9C5275CEFF700AF27B0 /* StringFormatting.framework in Frameworks */ = {isa = PBXBuildFile; fileRef = 8A07B9C4275CEFF700AF27B0 /* StringFormatting.framework */; };
		8A5144522757B6F500DC45CD /* AdvancedSearchNavigationController.swift in Sources */ = {isa = PBXBuildFile; fileRef = 8A51443D2757B6F500DC45CD /* AdvancedSearchNavigationController.swift */; };
		8A51456F2757C29D00DC45CD /* Core.framework in Frameworks */ = {isa = PBXBuildFile; fileRef = 8A51456E2757C29D00DC45CD /* Core.framework */; };
		8A5145772757C2D300DC45CD /* VinchyCore.framework in Frameworks */ = {isa = PBXBuildFile; fileRef = 8A5145762757C2D300DC45CD /* VinchyCore.framework */; };
		8A5145822757C90800DC45CD /* VinchyUI.framework in Frameworks */ = {isa = PBXBuildFile; fileRef = 8A5145812757C90800DC45CD /* VinchyUI.framework */; };
		8A65E75A27A9295B008556A4 /* MinMaxPriceCell.swift in Sources */ = {isa = PBXBuildFile; fileRef = 8A65E75927A9295B008556A4 /* MinMaxPriceCell.swift */; };
		8A65E77027A967EF008556A4 /* FiltersViewModel.swift in Sources */ = {isa = PBXBuildFile; fileRef = 8A65E75F27A967EF008556A4 /* FiltersViewModel.swift */; };
		8A65E77127A967EF008556A4 /* FiltersInput.swift in Sources */ = {isa = PBXBuildFile; fileRef = 8A65E76127A967EF008556A4 /* FiltersInput.swift */; };
		8A65E77227A967EF008556A4 /* FiltersAssembly.swift in Sources */ = {isa = PBXBuildFile; fileRef = 8A65E76327A967EF008556A4 /* FiltersAssembly.swift */; };
		8A65E77327A967EF008556A4 /* FiltersPresenterProtocol.swift in Sources */ = {isa = PBXBuildFile; fileRef = 8A65E76527A967EF008556A4 /* FiltersPresenterProtocol.swift */; };
		8A65E77427A967EF008556A4 /* FiltersPresenter.swift in Sources */ = {isa = PBXBuildFile; fileRef = 8A65E76627A967EF008556A4 /* FiltersPresenter.swift */; };
		8A65E77527A967EF008556A4 /* FiltersViewControllerProtocol.swift in Sources */ = {isa = PBXBuildFile; fileRef = 8A65E76827A967EF008556A4 /* FiltersViewControllerProtocol.swift */; };
		8A65E77627A967EF008556A4 /* FiltersViewController.swift in Sources */ = {isa = PBXBuildFile; fileRef = 8A65E76927A967EF008556A4 /* FiltersViewController.swift */; };
		8A65E77727A967EF008556A4 /* FiltersInteractorProtocol.swift in Sources */ = {isa = PBXBuildFile; fileRef = 8A65E76B27A967EF008556A4 /* FiltersInteractorProtocol.swift */; };
		8A65E77827A967EF008556A4 /* FiltersInteractor.swift in Sources */ = {isa = PBXBuildFile; fileRef = 8A65E76C27A967EF008556A4 /* FiltersInteractor.swift */; };
		8A65E77927A967EF008556A4 /* FiltersRouter.swift in Sources */ = {isa = PBXBuildFile; fileRef = 8A65E76E27A967EF008556A4 /* FiltersRouter.swift */; };
		8A65E77A27A967EF008556A4 /* FiltersRouterProtocol.swift in Sources */ = {isa = PBXBuildFile; fileRef = 8A65E76F27A967EF008556A4 /* FiltersRouterProtocol.swift */; };
		8AD51DA1276402EF0009499A /* DisplayMini.framework in Frameworks */ = {isa = PBXBuildFile; fileRef = 8AD51DA0276402EF0009499A /* DisplayMini.framework */; };
/* End PBXBuildFile section */

/* Begin PBXFileReference section */
		03656F895969D9294D55541A /* Pods_AdvancedSearch.framework */ = {isa = PBXFileReference; explicitFileType = wrapper.framework; includeInIndex = 0; path = Pods_AdvancedSearch.framework; sourceTree = BUILT_PRODUCTS_DIR; };
		1A08B6F302A21E7327CE736D /* Pods-AdvancedSearch.debug.xcconfig */ = {isa = PBXFileReference; includeInIndex = 1; lastKnownFileType = text.xcconfig; name = "Pods-AdvancedSearch.debug.xcconfig"; path = "Target Support Files/Pods-AdvancedSearch/Pods-AdvancedSearch.debug.xcconfig"; sourceTree = "<group>"; };
		8A07B9C4275CEFF700AF27B0 /* StringFormatting.framework */ = {isa = PBXFileReference; explicitFileType = wrapper.framework; path = StringFormatting.framework; sourceTree = BUILT_PRODUCTS_DIR; };
		8A5144262757B66800DC45CD /* AdvancedSearch.framework */ = {isa = PBXFileReference; explicitFileType = wrapper.framework; includeInIndex = 0; path = AdvancedSearch.framework; sourceTree = BUILT_PRODUCTS_DIR; };
		8A51443D2757B6F500DC45CD /* AdvancedSearchNavigationController.swift */ = {isa = PBXFileReference; fileEncoding = 4; lastKnownFileType = sourcecode.swift; path = AdvancedSearchNavigationController.swift; sourceTree = "<group>"; };
		8A51456E2757C29D00DC45CD /* Core.framework */ = {isa = PBXFileReference; explicitFileType = wrapper.framework; path = Core.framework; sourceTree = BUILT_PRODUCTS_DIR; };
		8A5145722757C2BB00DC45CD /* Display.framework */ = {isa = PBXFileReference; explicitFileType = wrapper.framework; path = Display.framework; sourceTree = BUILT_PRODUCTS_DIR; };
		8A5145762757C2D300DC45CD /* VinchyCore.framework */ = {isa = PBXFileReference; explicitFileType = wrapper.framework; path = VinchyCore.framework; sourceTree = BUILT_PRODUCTS_DIR; };
		8A51457A2757C33000DC45CD /* CommonUI.framework */ = {isa = PBXFileReference; explicitFileType = wrapper.framework; path = CommonUI.framework; sourceTree = BUILT_PRODUCTS_DIR; };
		8A5145812757C90800DC45CD /* VinchyUI.framework */ = {isa = PBXFileReference; explicitFileType = wrapper.framework; path = VinchyUI.framework; sourceTree = BUILT_PRODUCTS_DIR; };
		8A65E75927A9295B008556A4 /* MinMaxPriceCell.swift */ = {isa = PBXFileReference; lastKnownFileType = sourcecode.swift; path = MinMaxPriceCell.swift; sourceTree = "<group>"; };
		8A65E75F27A967EF008556A4 /* FiltersViewModel.swift */ = {isa = PBXFileReference; fileEncoding = 4; lastKnownFileType = sourcecode.swift; path = FiltersViewModel.swift; sourceTree = "<group>"; };
		8A65E76127A967EF008556A4 /* FiltersInput.swift */ = {isa = PBXFileReference; fileEncoding = 4; lastKnownFileType = sourcecode.swift; path = FiltersInput.swift; sourceTree = "<group>"; };
		8A65E76327A967EF008556A4 /* FiltersAssembly.swift */ = {isa = PBXFileReference; fileEncoding = 4; lastKnownFileType = sourcecode.swift; path = FiltersAssembly.swift; sourceTree = "<group>"; };
		8A65E76527A967EF008556A4 /* FiltersPresenterProtocol.swift */ = {isa = PBXFileReference; fileEncoding = 4; lastKnownFileType = sourcecode.swift; path = FiltersPresenterProtocol.swift; sourceTree = "<group>"; };
		8A65E76627A967EF008556A4 /* FiltersPresenter.swift */ = {isa = PBXFileReference; fileEncoding = 4; lastKnownFileType = sourcecode.swift; path = FiltersPresenter.swift; sourceTree = "<group>"; };
		8A65E76827A967EF008556A4 /* FiltersViewControllerProtocol.swift */ = {isa = PBXFileReference; fileEncoding = 4; lastKnownFileType = sourcecode.swift; path = FiltersViewControllerProtocol.swift; sourceTree = "<group>"; };
		8A65E76927A967EF008556A4 /* FiltersViewController.swift */ = {isa = PBXFileReference; fileEncoding = 4; lastKnownFileType = sourcecode.swift; path = FiltersViewController.swift; sourceTree = "<group>"; };
		8A65E76B27A967EF008556A4 /* FiltersInteractorProtocol.swift */ = {isa = PBXFileReference; fileEncoding = 4; lastKnownFileType = sourcecode.swift; path = FiltersInteractorProtocol.swift; sourceTree = "<group>"; };
		8A65E76C27A967EF008556A4 /* FiltersInteractor.swift */ = {isa = PBXFileReference; fileEncoding = 4; lastKnownFileType = sourcecode.swift; path = FiltersInteractor.swift; sourceTree = "<group>"; };
		8A65E76E27A967EF008556A4 /* FiltersRouter.swift */ = {isa = PBXFileReference; fileEncoding = 4; lastKnownFileType = sourcecode.swift; path = FiltersRouter.swift; sourceTree = "<group>"; };
		8A65E76F27A967EF008556A4 /* FiltersRouterProtocol.swift */ = {isa = PBXFileReference; fileEncoding = 4; lastKnownFileType = sourcecode.swift; path = FiltersRouterProtocol.swift; sourceTree = "<group>"; };
		8AD51DA0276402EF0009499A /* DisplayMini.framework */ = {isa = PBXFileReference; explicitFileType = wrapper.framework; path = DisplayMini.framework; sourceTree = BUILT_PRODUCTS_DIR; };
		D96B907875DAB06AE533048F /* Pods-AdvancedSearch.release.xcconfig */ = {isa = PBXFileReference; includeInIndex = 1; lastKnownFileType = text.xcconfig; name = "Pods-AdvancedSearch.release.xcconfig"; path = "Target Support Files/Pods-AdvancedSearch/Pods-AdvancedSearch.release.xcconfig"; sourceTree = "<group>"; };
/* End PBXFileReference section */

/* Begin PBXFrameworksBuildPhase section */
		8A5144232757B66800DC45CD /* Frameworks */ = {
			isa = PBXFrameworksBuildPhase;
			buildActionMask = 2147483647;
			files = (
				8AD51DA1276402EF0009499A /* DisplayMini.framework in Frameworks */,
				8A07B9C5275CEFF700AF27B0 /* StringFormatting.framework in Frameworks */,
				8A5145822757C90800DC45CD /* VinchyUI.framework in Frameworks */,
				8A5145772757C2D300DC45CD /* VinchyCore.framework in Frameworks */,
				8A51456F2757C29D00DC45CD /* Core.framework in Frameworks */,
				2D78045B1B2C166C0F68AEE5 /* Pods_AdvancedSearch.framework in Frameworks */,
			);
			runOnlyForDeploymentPostprocessing = 0;
		};
/* End PBXFrameworksBuildPhase section */

/* Begin PBXGroup section */
		8A51441C2757B66800DC45CD = {
			isa = PBXGroup;
			children = (
				8A51443C2757B6F500DC45CD /* Output */,
				8A65E75D27A967EF008556A4 /* Filters */,
				8A5144272757B66800DC45CD /* Products */,
				8A51456D2757C29D00DC45CD /* Frameworks */,
				BEAA561DCBDB78C38217F555 /* Pods */,
			);
			indentWidth = 2;
			sourceTree = "<group>";
			tabWidth = 2;
		};
		8A5144272757B66800DC45CD /* Products */ = {
			isa = PBXGroup;
			children = (
				8A5144262757B66800DC45CD /* AdvancedSearch.framework */,
			);
			name = Products;
			sourceTree = "<group>";
		};
		8A51443C2757B6F500DC45CD /* Output */ = {
			isa = PBXGroup;
			children = (
				8A51443D2757B6F500DC45CD /* AdvancedSearchNavigationController.swift */,
			);
			path = Output;
			sourceTree = "<group>";
		};
		8A51456D2757C29D00DC45CD /* Frameworks */ = {
			isa = PBXGroup;
			children = (
				8AD51DA0276402EF0009499A /* DisplayMini.framework */,
				8A07B9C4275CEFF700AF27B0 /* StringFormatting.framework */,
				8A5145812757C90800DC45CD /* VinchyUI.framework */,
				8A51457A2757C33000DC45CD /* CommonUI.framework */,
				8A5145762757C2D300DC45CD /* VinchyCore.framework */,
				8A5145722757C2BB00DC45CD /* Display.framework */,
				8A51456E2757C29D00DC45CD /* Core.framework */,
				03656F895969D9294D55541A /* Pods_AdvancedSearch.framework */,
			);
			name = Frameworks;
			sourceTree = "<group>";
		};
		8A65E75D27A967EF008556A4 /* Filters */ = {
			isa = PBXGroup;
			children = (
				8A65E76227A967EF008556A4 /* Assembly */,
				8A65E76027A967EF008556A4 /* Input */,
				8A65E76A27A967EF008556A4 /* Interactor */,
				8A65E76427A967EF008556A4 /* Presenter */,
				8A65E76D27A967EF008556A4 /* Router */,
				8A65E76727A967EF008556A4 /* ViewController */,
				8A65E75E27A967EF008556A4 /* ViewModel */,
				8A75E28127AAE3820068DA56 /* Views */,
			);
			path = Filters;
			sourceTree = "<group>";
		};
		8A65E75E27A967EF008556A4 /* ViewModel */ = {
			isa = PBXGroup;
			children = (
				8A65E75F27A967EF008556A4 /* FiltersViewModel.swift */,
			);
			path = ViewModel;
			sourceTree = "<group>";
		};
		8A65E76027A967EF008556A4 /* Input */ = {
			isa = PBXGroup;
			children = (
				8A65E76127A967EF008556A4 /* FiltersInput.swift */,
			);
			path = Input;
			sourceTree = "<group>";
		};
		8A65E76227A967EF008556A4 /* Assembly */ = {
			isa = PBXGroup;
			children = (
				8A65E76327A967EF008556A4 /* FiltersAssembly.swift */,
			);
			path = Assembly;
			sourceTree = "<group>";
		};
		8A65E76427A967EF008556A4 /* Presenter */ = {
			isa = PBXGroup;
			children = (
				8A65E76527A967EF008556A4 /* FiltersPresenterProtocol.swift */,
				8A65E76627A967EF008556A4 /* FiltersPresenter.swift */,
			);
			path = Presenter;
			sourceTree = "<group>";
		};
		8A65E76727A967EF008556A4 /* ViewController */ = {
			isa = PBXGroup;
			children = (
				8A65E76827A967EF008556A4 /* FiltersViewControllerProtocol.swift */,
				8A65E76927A967EF008556A4 /* FiltersViewController.swift */,
			);
			path = ViewController;
			sourceTree = "<group>";
		};
		8A65E76A27A967EF008556A4 /* Interactor */ = {
			isa = PBXGroup;
			children = (
				8A65E76B27A967EF008556A4 /* FiltersInteractorProtocol.swift */,
				8A65E76C27A967EF008556A4 /* FiltersInteractor.swift */,
			);
			path = Interactor;
			sourceTree = "<group>";
		};
		8A65E76D27A967EF008556A4 /* Router */ = {
			isa = PBXGroup;
			children = (
				8A65E76E27A967EF008556A4 /* FiltersRouter.swift */,
				8A65E76F27A967EF008556A4 /* FiltersRouterProtocol.swift */,
			);
			path = Router;
			sourceTree = "<group>";
		};
		8A75E28127AAE3820068DA56 /* Views */ = {
			isa = PBXGroup;
			children = (
				8A65E75927A9295B008556A4 /* MinMaxPriceCell.swift */,
			);
			path = Views;
			sourceTree = "<group>";
		};
		BEAA561DCBDB78C38217F555 /* Pods */ = {
			isa = PBXGroup;
			children = (
				1A08B6F302A21E7327CE736D /* Pods-AdvancedSearch.debug.xcconfig */,
				D96B907875DAB06AE533048F /* Pods-AdvancedSearch.release.xcconfig */,
			);
			name = Pods;
			path = ../../Pods;
			sourceTree = "<group>";
		};
/* End PBXGroup section */

/* Begin PBXHeadersBuildPhase section */
		8A5144212757B66800DC45CD /* Headers */ = {
			isa = PBXHeadersBuildPhase;
			buildActionMask = 2147483647;
			files = (
			);
			runOnlyForDeploymentPostprocessing = 0;
		};
/* End PBXHeadersBuildPhase section */

/* Begin PBXNativeTarget section */
		8A5144252757B66800DC45CD /* AdvancedSearch */ = {
			isa = PBXNativeTarget;
			buildConfigurationList = 8A51442F2757B66800DC45CD /* Build configuration list for PBXNativeTarget "AdvancedSearch" */;
			buildPhases = (
				12E0CDB891C71AC6D6D0D6CF /* [CP] Check Pods Manifest.lock */,
				8A5144212757B66800DC45CD /* Headers */,
				8A5144222757B66800DC45CD /* Sources */,
				8A5144232757B66800DC45CD /* Frameworks */,
				8A5144242757B66800DC45CD /* Resources */,
			);
			buildRules = (
			);
			dependencies = (
			);
			name = AdvancedSearch;
			productName = AdvancedSearch;
			productReference = 8A5144262757B66800DC45CD /* AdvancedSearch.framework */;
			productType = "com.apple.product-type.framework";
		};
/* End PBXNativeTarget section */

/* Begin PBXProject section */
		8A51441D2757B66800DC45CD /* Project object */ = {
			isa = PBXProject;
			attributes = {
				BuildIndependentTargetsInParallel = 1;
				LastUpgradeCheck = 1300;
				TargetAttributes = {
					8A5144252757B66800DC45CD = {
						CreatedOnToolsVersion = 13.0;
					};
				};
			};
			buildConfigurationList = 8A5144202757B66800DC45CD /* Build configuration list for PBXProject "AdvancedSearch" */;
			compatibilityVersion = "Xcode 13.0";
			developmentRegion = en;
			hasScannedForEncodings = 0;
			knownRegions = (
				en,
				Base,
			);
			mainGroup = 8A51441C2757B66800DC45CD;
			productRefGroup = 8A5144272757B66800DC45CD /* Products */;
			projectDirPath = "";
			projectRoot = "";
			targets = (
				8A5144252757B66800DC45CD /* AdvancedSearch */,
			);
		};
/* End PBXProject section */

/* Begin PBXResourcesBuildPhase section */
		8A5144242757B66800DC45CD /* Resources */ = {
			isa = PBXResourcesBuildPhase;
			buildActionMask = 2147483647;
			files = (
			);
			runOnlyForDeploymentPostprocessing = 0;
		};
/* End PBXResourcesBuildPhase section */

/* Begin PBXShellScriptBuildPhase section */
		12E0CDB891C71AC6D6D0D6CF /* [CP] Check Pods Manifest.lock */ = {
			isa = PBXShellScriptBuildPhase;
			buildActionMask = 2147483647;
			files = (
			);
			inputFileListPaths = (
			);
			inputPaths = (
				"${PODS_PODFILE_DIR_PATH}/Podfile.lock",
				"${PODS_ROOT}/Manifest.lock",
			);
			name = "[CP] Check Pods Manifest.lock";
			outputFileListPaths = (
			);
			outputPaths = (
				"$(DERIVED_FILE_DIR)/Pods-AdvancedSearch-checkManifestLockResult.txt",
			);
			runOnlyForDeploymentPostprocessing = 0;
			shellPath = /bin/sh;
			shellScript = "diff \"${PODS_PODFILE_DIR_PATH}/Podfile.lock\" \"${PODS_ROOT}/Manifest.lock\" > /dev/null\nif [ $? != 0 ] ; then\n    # print error to STDERR\n    echo \"error: The sandbox is not in sync with the Podfile.lock. Run 'pod install' or update your CocoaPods installation.\" >&2\n    exit 1\nfi\n# This output is used by Xcode 'outputs' to avoid re-running this script phase.\necho \"SUCCESS\" > \"${SCRIPT_OUTPUT_FILE_0}\"\n";
			showEnvVarsInLog = 0;
		};
/* End PBXShellScriptBuildPhase section */

/* Begin PBXSourcesBuildPhase section */
		8A5144222757B66800DC45CD /* Sources */ = {
			isa = PBXSourcesBuildPhase;
			buildActionMask = 2147483647;
			files = (
				8A5144522757B6F500DC45CD /* AdvancedSearchNavigationController.swift in Sources */,
				8A65E77327A967EF008556A4 /* FiltersPresenterProtocol.swift in Sources */,
				8A65E77927A967EF008556A4 /* FiltersRouter.swift in Sources */,
				8A65E77827A967EF008556A4 /* FiltersInteractor.swift in Sources */,
				8A65E77427A967EF008556A4 /* FiltersPresenter.swift in Sources */,
				8A65E77527A967EF008556A4 /* FiltersViewControllerProtocol.swift in Sources */,
				8A65E77A27A967EF008556A4 /* FiltersRouterProtocol.swift in Sources */,
				8A65E75A27A9295B008556A4 /* MinMaxPriceCell.swift in Sources */,
				8A65E77027A967EF008556A4 /* FiltersViewModel.swift in Sources */,
				8A65E77227A967EF008556A4 /* FiltersAssembly.swift in Sources */,
				8A65E77727A967EF008556A4 /* FiltersInteractorProtocol.swift in Sources */,
				8A65E77627A967EF008556A4 /* FiltersViewController.swift in Sources */,
				8A65E77127A967EF008556A4 /* FiltersInput.swift in Sources */,
			);
			runOnlyForDeploymentPostprocessing = 0;
		};
/* End PBXSourcesBuildPhase section */

/* Begin XCBuildConfiguration section */
		8A51442D2757B66800DC45CD /* Debug */ = {
			isa = XCBuildConfiguration;
			buildSettings = {
				ALWAYS_SEARCH_USER_PATHS = NO;
				CLANG_ANALYZER_NONNULL = YES;
				CLANG_ANALYZER_NUMBER_OBJECT_CONVERSION = YES_AGGRESSIVE;
				CLANG_CXX_LANGUAGE_STANDARD = "gnu++17";
				CLANG_CXX_LIBRARY = "libc++";
				CLANG_ENABLE_MODULES = YES;
				CLANG_ENABLE_OBJC_ARC = YES;
				CLANG_ENABLE_OBJC_WEAK = YES;
				CLANG_WARN_BLOCK_CAPTURE_AUTORELEASING = YES;
				CLANG_WARN_BOOL_CONVERSION = YES;
				CLANG_WARN_COMMA = YES;
				CLANG_WARN_CONSTANT_CONVERSION = YES;
				CLANG_WARN_DEPRECATED_OBJC_IMPLEMENTATIONS = YES;
				CLANG_WARN_DIRECT_OBJC_ISA_USAGE = YES_ERROR;
				CLANG_WARN_DOCUMENTATION_COMMENTS = YES;
				CLANG_WARN_EMPTY_BODY = YES;
				CLANG_WARN_ENUM_CONVERSION = YES;
				CLANG_WARN_INFINITE_RECURSION = YES;
				CLANG_WARN_INT_CONVERSION = YES;
				CLANG_WARN_NON_LITERAL_NULL_CONVERSION = YES;
				CLANG_WARN_OBJC_IMPLICIT_RETAIN_SELF = YES;
				CLANG_WARN_OBJC_LITERAL_CONVERSION = YES;
				CLANG_WARN_OBJC_ROOT_CLASS = YES_ERROR;
				CLANG_WARN_QUOTED_INCLUDE_IN_FRAMEWORK_HEADER = YES;
				CLANG_WARN_RANGE_LOOP_ANALYSIS = YES;
				CLANG_WARN_STRICT_PROTOTYPES = YES;
				CLANG_WARN_SUSPICIOUS_MOVE = YES;
				CLANG_WARN_UNGUARDED_AVAILABILITY = YES_AGGRESSIVE;
				CLANG_WARN_UNREACHABLE_CODE = YES;
				CLANG_WARN__DUPLICATE_METHOD_MATCH = YES;
				COPY_PHASE_STRIP = NO;
				CURRENT_PROJECT_VERSION = 1;
				DEBUG_INFORMATION_FORMAT = dwarf;
				ENABLE_STRICT_OBJC_MSGSEND = YES;
				ENABLE_TESTABILITY = YES;
				GCC_C_LANGUAGE_STANDARD = gnu11;
				GCC_DYNAMIC_NO_PIC = NO;
				GCC_NO_COMMON_BLOCKS = YES;
				GCC_OPTIMIZATION_LEVEL = 0;
				GCC_PREPROCESSOR_DEFINITIONS = (
					"DEBUG=1",
					"$(inherited)",
				);
				GCC_WARN_64_TO_32_BIT_CONVERSION = YES;
				GCC_WARN_ABOUT_RETURN_TYPE = YES_ERROR;
				GCC_WARN_UNDECLARED_SELECTOR = YES;
				GCC_WARN_UNINITIALIZED_AUTOS = YES_AGGRESSIVE;
				GCC_WARN_UNUSED_FUNCTION = YES;
				GCC_WARN_UNUSED_VARIABLE = YES;
				IPHONEOS_DEPLOYMENT_TARGET = 15.0;
				MTL_ENABLE_DEBUG_INFO = INCLUDE_SOURCE;
				MTL_FAST_MATH = YES;
				ONLY_ACTIVE_ARCH = YES;
				SDKROOT = iphoneos;
				SWIFT_ACTIVE_COMPILATION_CONDITIONS = DEBUG;
				SWIFT_OPTIMIZATION_LEVEL = "-Onone";
				SWIFT_REFLECTION_METADATA_LEVEL = none;
				VERSIONING_SYSTEM = "apple-generic";
				VERSION_INFO_PREFIX = "";
			};
			name = Debug;
		};
		8A51442E2757B66800DC45CD /* Release */ = {
			isa = XCBuildConfiguration;
			buildSettings = {
				ALWAYS_SEARCH_USER_PATHS = NO;
				CLANG_ANALYZER_NONNULL = YES;
				CLANG_ANALYZER_NUMBER_OBJECT_CONVERSION = YES_AGGRESSIVE;
				CLANG_CXX_LANGUAGE_STANDARD = "gnu++17";
				CLANG_CXX_LIBRARY = "libc++";
				CLANG_ENABLE_MODULES = YES;
				CLANG_ENABLE_OBJC_ARC = YES;
				CLANG_ENABLE_OBJC_WEAK = YES;
				CLANG_WARN_BLOCK_CAPTURE_AUTORELEASING = YES;
				CLANG_WARN_BOOL_CONVERSION = YES;
				CLANG_WARN_COMMA = YES;
				CLANG_WARN_CONSTANT_CONVERSION = YES;
				CLANG_WARN_DEPRECATED_OBJC_IMPLEMENTATIONS = YES;
				CLANG_WARN_DIRECT_OBJC_ISA_USAGE = YES_ERROR;
				CLANG_WARN_DOCUMENTATION_COMMENTS = YES;
				CLANG_WARN_EMPTY_BODY = YES;
				CLANG_WARN_ENUM_CONVERSION = YES;
				CLANG_WARN_INFINITE_RECURSION = YES;
				CLANG_WARN_INT_CONVERSION = YES;
				CLANG_WARN_NON_LITERAL_NULL_CONVERSION = YES;
				CLANG_WARN_OBJC_IMPLICIT_RETAIN_SELF = YES;
				CLANG_WARN_OBJC_LITERAL_CONVERSION = YES;
				CLANG_WARN_OBJC_ROOT_CLASS = YES_ERROR;
				CLANG_WARN_QUOTED_INCLUDE_IN_FRAMEWORK_HEADER = YES;
				CLANG_WARN_RANGE_LOOP_ANALYSIS = YES;
				CLANG_WARN_STRICT_PROTOTYPES = YES;
				CLANG_WARN_SUSPICIOUS_MOVE = YES;
				CLANG_WARN_UNGUARDED_AVAILABILITY = YES_AGGRESSIVE;
				CLANG_WARN_UNREACHABLE_CODE = YES;
				CLANG_WARN__DUPLICATE_METHOD_MATCH = YES;
				COPY_PHASE_STRIP = NO;
				CURRENT_PROJECT_VERSION = 1;
				DEBUG_INFORMATION_FORMAT = "dwarf-with-dsym";
				ENABLE_NS_ASSERTIONS = NO;
				ENABLE_STRICT_OBJC_MSGSEND = YES;
				GCC_C_LANGUAGE_STANDARD = gnu11;
				GCC_NO_COMMON_BLOCKS = YES;
				GCC_WARN_64_TO_32_BIT_CONVERSION = YES;
				GCC_WARN_ABOUT_RETURN_TYPE = YES_ERROR;
				GCC_WARN_UNDECLARED_SELECTOR = YES;
				GCC_WARN_UNINITIALIZED_AUTOS = YES_AGGRESSIVE;
				GCC_WARN_UNUSED_FUNCTION = YES;
				GCC_WARN_UNUSED_VARIABLE = YES;
				IPHONEOS_DEPLOYMENT_TARGET = 15.0;
				MTL_ENABLE_DEBUG_INFO = NO;
				MTL_FAST_MATH = YES;
				SDKROOT = iphoneos;
				SWIFT_COMPILATION_MODE = wholemodule;
				SWIFT_OPTIMIZATION_LEVEL = "-O";
				SWIFT_REFLECTION_METADATA_LEVEL = none;
				VALIDATE_PRODUCT = YES;
				VERSIONING_SYSTEM = "apple-generic";
				VERSION_INFO_PREFIX = "";
			};
			name = Release;
		};
		8A5144302757B66800DC45CD /* Debug */ = {
			isa = XCBuildConfiguration;
			baseConfigurationReference = 1A08B6F302A21E7327CE736D /* Pods-AdvancedSearch.debug.xcconfig */;
			buildSettings = {
				CODE_SIGN_STYLE = Automatic;
				CURRENT_PROJECT_VERSION = 1;
				DEFINES_MODULE = YES;
				DEVELOPMENT_TEAM = YKG5C7DUKF;
				DYLIB_COMPATIBILITY_VERSION = 1;
				DYLIB_CURRENT_VERSION = 1;
				DYLIB_INSTALL_NAME_BASE = "@rpath";
				GENERATE_INFOPLIST_FILE = YES;
				INFOPLIST_KEY_NSHumanReadableCopyright = "";
				INSTALL_PATH = "$(LOCAL_LIBRARY_DIR)/Frameworks";
				IPHONEOS_DEPLOYMENT_TARGET = 13.0;
				LD_RUNPATH_SEARCH_PATHS = (
					"$(inherited)",
					"@executable_path/Frameworks",
					"@loader_path/Frameworks",
				);
				MARKETING_VERSION = 1.0;
				PRODUCT_BUNDLE_IDENTIFIER = tech.vinchy.AdvancedSearch;
				PRODUCT_NAME = "$(TARGET_NAME:c99extidentifier)";
				SKIP_INSTALL = YES;
				SWIFT_EMIT_LOC_STRINGS = YES;
				SWIFT_REFLECTION_METADATA_LEVEL = none;
				SWIFT_VERSION = 5.0;
				TARGETED_DEVICE_FAMILY = "1,2";
			};
			name = Debug;
		};
		8A5144312757B66800DC45CD /* Release */ = {
			isa = XCBuildConfiguration;
			baseConfigurationReference = D96B907875DAB06AE533048F /* Pods-AdvancedSearch.release.xcconfig */;
			buildSettings = {
				CODE_SIGN_STYLE = Automatic;
				CURRENT_PROJECT_VERSION = 1;
				DEFINES_MODULE = YES;
				DEVELOPMENT_TEAM = YKG5C7DUKF;
				DYLIB_COMPATIBILITY_VERSION = 1;
				DYLIB_CURRENT_VERSION = 1;
				DYLIB_INSTALL_NAME_BASE = "@rpath";
				GENERATE_INFOPLIST_FILE = YES;
				INFOPLIST_KEY_NSHumanReadableCopyright = "";
				INSTALL_PATH = "$(LOCAL_LIBRARY_DIR)/Frameworks";
				IPHONEOS_DEPLOYMENT_TARGET = 13.0;
				LD_RUNPATH_SEARCH_PATHS = (
					"$(inherited)",
					"@executable_path/Frameworks",
					"@loader_path/Frameworks",
				);
				MARKETING_VERSION = 1.0;
				PRODUCT_BUNDLE_IDENTIFIER = tech.vinchy.AdvancedSearch;
				PRODUCT_NAME = "$(TARGET_NAME:c99extidentifier)";
				SKIP_INSTALL = YES;
				SWIFT_EMIT_LOC_STRINGS = YES;
				SWIFT_REFLECTION_METADATA_LEVEL = none;
				SWIFT_VERSION = 5.0;
				TARGETED_DEVICE_FAMILY = "1,2";
			};
			name = Release;
		};
/* End XCBuildConfiguration section */

/* Begin XCConfigurationList section */
		8A5144202757B66800DC45CD /* Build configuration list for PBXProject "AdvancedSearch" */ = {
			isa = XCConfigurationList;
			buildConfigurations = (
				8A51442D2757B66800DC45CD /* Debug */,
				8A51442E2757B66800DC45CD /* Release */,
			);
			defaultConfigurationIsVisible = 0;
			defaultConfigurationName = Release;
		};
		8A51442F2757B66800DC45CD /* Build configuration list for PBXNativeTarget "AdvancedSearch" */ = {
			isa = XCConfigurationList;
			buildConfigurations = (
				8A5144302757B66800DC45CD /* Debug */,
				8A5144312757B66800DC45CD /* Release */,
			);
			defaultConfigurationIsVisible = 0;
			defaultConfigurationName = Release;
		};
/* End XCConfigurationList section */
	};
	rootObject = 8A51441D2757B66800DC45CD /* Project object */;
}
