// !$*UTF8*$!
{
	archiveVersion = 1;
	classes = {
	};
	objectVersion = 50;
	objects = {

/* Begin PBXBuildFile section */
		4495629625E30327005E79DA /* DateFormatter.swift in Sources */ = {isa = PBXBuildFile; fileRef = 4495629525E30327005E79DA /* DateFormatter.swift */; };
		44A7259D25924C8000A7552B /* EmailValidation.swift in Sources */ = {isa = PBXBuildFile; fileRef = 44A7259C25924C8000A7552B /* EmailValidation.swift */; };
		740EC935268F85360000718B /* NumericValidation.swift in Sources */ = {isa = PBXBuildFile; fileRef = 740EC934268F85360000718B /* NumericValidation.swift */; };
		8A447058266235AD000A1769 /* Distance.swift in Sources */ = {isa = PBXBuildFile; fileRef = 8A447057266235AD000A1769 /* Distance.swift */; };
		8A44705A26623862000A1769 /* Time.swift in Sources */ = {isa = PBXBuildFile; fileRef = 8A44705926623862000A1769 /* Time.swift */; };
		CA015C1C24C47BC4008DF01D /* Localized.swift in Sources */ = {isa = PBXBuildFile; fileRef = CA015C1B24C47BC4008DF01D /* Localized.swift */; };
		CA7A87EE25027D3F00AAD10F /* Quotes.swift in Sources */ = {isa = PBXBuildFile; fileRef = CA7A87ED25027D3F00AAD10F /* Quotes.swift */; };
		CA7A87F22502896C00AAD10F /* CountryCodeFormatter.swift in Sources */ = {isa = PBXBuildFile; fileRef = CA7A87F12502896C00AAD10F /* CountryCodeFormatter.swift */; };
		CA7A87F62502915C00AAD10F /* Temperature.swift in Sources */ = {isa = PBXBuildFile; fileRef = CA7A87F52502915C00AAD10F /* Temperature.swift */; };
		CABDBAA724C3222C00AD96D6 /* StringFormatting.h in Headers */ = {isa = PBXBuildFile; fileRef = CABDBAA524C3222C00AD96D6 /* StringFormatting.h */; settings = {ATTRIBUTES = (Public, ); }; };
		CAF24AC924C322990057547F /* CurrencyFormatterEntry.swift in Sources */ = {isa = PBXBuildFile; fileRef = CAF24AC824C322990057547F /* CurrencyFormatterEntry.swift */; };
		CAF24ACB24C322C10057547F /* FirstLetterUppercased.swift in Sources */ = {isa = PBXBuildFile; fileRef = CAF24ACA24C322C10057547F /* FirstLetterUppercased.swift */; };
/* End PBXBuildFile section */

/* Begin PBXFileReference section */
		4495629525E30327005E79DA /* DateFormatter.swift */ = {isa = PBXFileReference; lastKnownFileType = sourcecode.swift; path = DateFormatter.swift; sourceTree = "<group>"; };
		44A7259C25924C8000A7552B /* EmailValidation.swift */ = {isa = PBXFileReference; lastKnownFileType = sourcecode.swift; path = EmailValidation.swift; sourceTree = "<group>"; };
		740EC934268F85360000718B /* NumericValidation.swift */ = {isa = PBXFileReference; lastKnownFileType = sourcecode.swift; path = NumericValidation.swift; sourceTree = "<group>"; };
		8A447057266235AD000A1769 /* Distance.swift */ = {isa = PBXFileReference; lastKnownFileType = sourcecode.swift; path = Distance.swift; sourceTree = "<group>"; };
		8A44705926623862000A1769 /* Time.swift */ = {isa = PBXFileReference; lastKnownFileType = sourcecode.swift; path = Time.swift; sourceTree = "<group>"; };
		CA015C1B24C47BC4008DF01D /* Localized.swift */ = {isa = PBXFileReference; lastKnownFileType = sourcecode.swift; path = Localized.swift; sourceTree = "<group>"; };
		CA7A87ED25027D3F00AAD10F /* Quotes.swift */ = {isa = PBXFileReference; lastKnownFileType = sourcecode.swift; path = Quotes.swift; sourceTree = "<group>"; };
		CA7A87F12502896C00AAD10F /* CountryCodeFormatter.swift */ = {isa = PBXFileReference; lastKnownFileType = sourcecode.swift; path = CountryCodeFormatter.swift; sourceTree = "<group>"; };
		CA7A87F52502915C00AAD10F /* Temperature.swift */ = {isa = PBXFileReference; lastKnownFileType = sourcecode.swift; path = Temperature.swift; sourceTree = "<group>"; };
		CABDBAA224C3222C00AD96D6 /* StringFormatting.framework */ = {isa = PBXFileReference; explicitFileType = wrapper.framework; includeInIndex = 0; path = StringFormatting.framework; sourceTree = BUILT_PRODUCTS_DIR; };
		CABDBAA524C3222C00AD96D6 /* StringFormatting.h */ = {isa = PBXFileReference; lastKnownFileType = sourcecode.c.h; path = StringFormatting.h; sourceTree = "<group>"; };
		CABDBAA624C3222C00AD96D6 /* Info.plist */ = {isa = PBXFileReference; lastKnownFileType = text.plist.xml; path = Info.plist; sourceTree = "<group>"; };
		CAF24AC824C322990057547F /* CurrencyFormatterEntry.swift */ = {isa = PBXFileReference; lastKnownFileType = sourcecode.swift; path = CurrencyFormatterEntry.swift; sourceTree = "<group>"; };
		CAF24ACA24C322C10057547F /* FirstLetterUppercased.swift */ = {isa = PBXFileReference; lastKnownFileType = sourcecode.swift; path = FirstLetterUppercased.swift; sourceTree = "<group>"; };
/* End PBXFileReference section */

/* Begin PBXFrameworksBuildPhase section */
		CABDBA9F24C3222C00AD96D6 /* Frameworks */ = {
			isa = PBXFrameworksBuildPhase;
			buildActionMask = 2147483647;
			files = (
			);
			runOnlyForDeploymentPostprocessing = 0;
		};
/* End PBXFrameworksBuildPhase section */

/* Begin PBXGroup section */
		CABDBA9824C3222C00AD96D6 = {
			isa = PBXGroup;
			children = (
				CABDBAA424C3222C00AD96D6 /* StringFormatting */,
				CABDBAA324C3222C00AD96D6 /* Products */,
			);
			indentWidth = 2;
			sourceTree = "<group>";
			tabWidth = 2;
		};
		CABDBAA324C3222C00AD96D6 /* Products */ = {
			isa = PBXGroup;
			children = (
				CABDBAA224C3222C00AD96D6 /* StringFormatting.framework */,
			);
			name = Products;
			sourceTree = "<group>";
		};
		CABDBAA424C3222C00AD96D6 /* StringFormatting */ = {
			isa = PBXGroup;
			children = (
				CAF24AC724C322760057547F /* Source */,
				CABDBAA524C3222C00AD96D6 /* StringFormatting.h */,
				CABDBAA624C3222C00AD96D6 /* Info.plist */,
			);
			path = StringFormatting;
			sourceTree = "<group>";
		};
		CAF24AC724C322760057547F /* Source */ = {
			isa = PBXGroup;
			children = (
				CAF24AC824C322990057547F /* CurrencyFormatterEntry.swift */,
				CAF24ACA24C322C10057547F /* FirstLetterUppercased.swift */,
				CA015C1B24C47BC4008DF01D /* Localized.swift */,
				CA7A87ED25027D3F00AAD10F /* Quotes.swift */,
				CA7A87F12502896C00AAD10F /* CountryCodeFormatter.swift */,
				CA7A87F52502915C00AAD10F /* Temperature.swift */,
				44A7259C25924C8000A7552B /* EmailValidation.swift */,
				4495629525E30327005E79DA /* DateFormatter.swift */,
				8A447057266235AD000A1769 /* Distance.swift */,
				8A44705926623862000A1769 /* Time.swift */,
				740EC934268F85360000718B /* NumericValidation.swift */,
			);
			path = Source;
			sourceTree = "<group>";
		};
/* End PBXGroup section */

/* Begin PBXHeadersBuildPhase section */
		CABDBA9D24C3222C00AD96D6 /* Headers */ = {
			isa = PBXHeadersBuildPhase;
			buildActionMask = 2147483647;
			files = (
				CABDBAA724C3222C00AD96D6 /* StringFormatting.h in Headers */,
			);
			runOnlyForDeploymentPostprocessing = 0;
		};
/* End PBXHeadersBuildPhase section */

/* Begin PBXNativeTarget section */
		CABDBAA124C3222C00AD96D6 /* StringFormatting */ = {
			isa = PBXNativeTarget;
			buildConfigurationList = CABDBAAA24C3222C00AD96D6 /* Build configuration list for PBXNativeTarget "StringFormatting" */;
			buildPhases = (
				CABDBA9D24C3222C00AD96D6 /* Headers */,
				CABDBA9E24C3222C00AD96D6 /* Sources */,
				CABDBA9F24C3222C00AD96D6 /* Frameworks */,
				CABDBAA024C3222C00AD96D6 /* Resources */,
			);
			buildRules = (
			);
			dependencies = (
			);
			name = StringFormatting;
			productName = StringFormatting;
			productReference = CABDBAA224C3222C00AD96D6 /* StringFormatting.framework */;
			productType = "com.apple.product-type.framework";
		};
/* End PBXNativeTarget section */

/* Begin PBXProject section */
		CABDBA9924C3222C00AD96D6 /* Project object */ = {
			isa = PBXProject;
			attributes = {
				LastUpgradeCheck = 1200;
				ORGANIZATIONNAME = "Aleksei Smirnov";
				TargetAttributes = {
					CABDBAA124C3222C00AD96D6 = {
						CreatedOnToolsVersion = 11.5;
						LastSwiftMigration = 1150;
					};
				};
			};
			buildConfigurationList = CABDBA9C24C3222C00AD96D6 /* Build configuration list for PBXProject "StringFormatting" */;
			compatibilityVersion = "Xcode 9.3";
			developmentRegion = en;
			hasScannedForEncodings = 0;
			knownRegions = (
				en,
				Base,
			);
			mainGroup = CABDBA9824C3222C00AD96D6;
			productRefGroup = CABDBAA324C3222C00AD96D6 /* Products */;
			projectDirPath = "";
			projectRoot = "";
			targets = (
				CABDBAA124C3222C00AD96D6 /* StringFormatting */,
			);
		};
/* End PBXProject section */

/* Begin PBXResourcesBuildPhase section */
		CABDBAA024C3222C00AD96D6 /* Resources */ = {
			isa = PBXResourcesBuildPhase;
			buildActionMask = 2147483647;
			files = (
			);
			runOnlyForDeploymentPostprocessing = 0;
		};
/* End PBXResourcesBuildPhase section */

/* Begin PBXSourcesBuildPhase section */
		CABDBA9E24C3222C00AD96D6 /* Sources */ = {
			isa = PBXSourcesBuildPhase;
			buildActionMask = 2147483647;
			files = (
				8A447058266235AD000A1769 /* Distance.swift in Sources */,
				4495629625E30327005E79DA /* DateFormatter.swift in Sources */,
				8A44705A26623862000A1769 /* Time.swift in Sources */,
				CA7A87EE25027D3F00AAD10F /* Quotes.swift in Sources */,
				44A7259D25924C8000A7552B /* EmailValidation.swift in Sources */,
				CA7A87F22502896C00AAD10F /* CountryCodeFormatter.swift in Sources */,
				CA7A87F62502915C00AAD10F /* Temperature.swift in Sources */,
				740EC935268F85360000718B /* NumericValidation.swift in Sources */,
				CAF24ACB24C322C10057547F /* FirstLetterUppercased.swift in Sources */,
				CA015C1C24C47BC4008DF01D /* Localized.swift in Sources */,
				CAF24AC924C322990057547F /* CurrencyFormatterEntry.swift in Sources */,
			);
			runOnlyForDeploymentPostprocessing = 0;
		};
/* End PBXSourcesBuildPhase section */

/* Begin XCBuildConfiguration section */
		CABDBAA824C3222C00AD96D6 /* Debug */ = {
			isa = XCBuildConfiguration;
			buildSettings = {
				ALWAYS_SEARCH_USER_PATHS = NO;
				CLANG_ANALYZER_NONNULL = YES;
				CLANG_ANALYZER_NUMBER_OBJECT_CONVERSION = YES_AGGRESSIVE;
				CLANG_CXX_LANGUAGE_STANDARD = "gnu++14";
				CLANG_CXX_LIBRARY = "libc++";
				CLANG_ENABLE_MODULES = YES;
				CLANG_ENABLE_OBJC_ARC = YES;
				CLANG_ENABLE_OBJC_WEAK = YES;
				CLANG_WARN_BLOCK_CAPTURE_AUTORELEASING = YES;
				CLANG_WARN_BOOL_CONVERSION = YES;
				CLANG_WARN_COMMA = YES;
				CLANG_WARN_CONSTANT_CONVERSION = YES;
				CLANG_WARN_DEPRECATED_OBJC_IMPLEMENTATIONS = YES;
				CLANG_WARN_DIRECT_OBJC_ISA_USAGE = YES_ERROR;
				CLANG_WARN_DOCUMENTATION_COMMENTS = YES;
				CLANG_WARN_EMPTY_BODY = YES;
				CLANG_WARN_ENUM_CONVERSION = YES;
				CLANG_WARN_INFINITE_RECURSION = YES;
				CLANG_WARN_INT_CONVERSION = YES;
				CLANG_WARN_NON_LITERAL_NULL_CONVERSION = YES;
				CLANG_WARN_OBJC_IMPLICIT_RETAIN_SELF = YES;
				CLANG_WARN_OBJC_LITERAL_CONVERSION = YES;
				CLANG_WARN_OBJC_ROOT_CLASS = YES_ERROR;
				CLANG_WARN_QUOTED_INCLUDE_IN_FRAMEWORK_HEADER = YES;
				CLANG_WARN_RANGE_LOOP_ANALYSIS = YES;
				CLANG_WARN_STRICT_PROTOTYPES = YES;
				CLANG_WARN_SUSPICIOUS_MOVE = YES;
				CLANG_WARN_UNGUARDED_AVAILABILITY = YES_AGGRESSIVE;
				CLANG_WARN_UNREACHABLE_CODE = YES;
				CLANG_WARN__DUPLICATE_METHOD_MATCH = YES;
				COPY_PHASE_STRIP = NO;
				CURRENT_PROJECT_VERSION = 1;
				DEBUG_INFORMATION_FORMAT = dwarf;
				ENABLE_STRICT_OBJC_MSGSEND = YES;
				ENABLE_TESTABILITY = YES;
				GCC_C_LANGUAGE_STANDARD = gnu11;
				GCC_DYNAMIC_NO_PIC = NO;
				GCC_NO_COMMON_BLOCKS = YES;
				GCC_OPTIMIZATION_LEVEL = 0;
				GCC_PREPROCESSOR_DEFINITIONS = (
					"DEBUG=1",
					"$(inherited)",
				);
				GCC_WARN_64_TO_32_BIT_CONVERSION = YES;
				GCC_WARN_ABOUT_RETURN_TYPE = YES_ERROR;
				GCC_WARN_UNDECLARED_SELECTOR = YES;
				GCC_WARN_UNINITIALIZED_AUTOS = YES_AGGRESSIVE;
				GCC_WARN_UNUSED_FUNCTION = YES;
				GCC_WARN_UNUSED_VARIABLE = YES;
				IPHONEOS_DEPLOYMENT_TARGET = 13.0;
				MTL_ENABLE_DEBUG_INFO = INCLUDE_SOURCE;
				MTL_FAST_MATH = YES;
				ONLY_ACTIVE_ARCH = YES;
				SDKROOT = iphoneos;
				SWIFT_ACTIVE_COMPILATION_CONDITIONS = DEBUG;
				SWIFT_OPTIMIZATION_LEVEL = "-Onone";
				VERSIONING_SYSTEM = "apple-generic";
				VERSION_INFO_PREFIX = "";
			};
			name = Debug;
		};
		CABDBAA924C3222C00AD96D6 /* Release */ = {
			isa = XCBuildConfiguration;
			buildSettings = {
				ALWAYS_SEARCH_USER_PATHS = NO;
				CLANG_ANALYZER_NONNULL = YES;
				CLANG_ANALYZER_NUMBER_OBJECT_CONVERSION = YES_AGGRESSIVE;
				CLANG_CXX_LANGUAGE_STANDARD = "gnu++14";
				CLANG_CXX_LIBRARY = "libc++";
				CLANG_ENABLE_MODULES = YES;
				CLANG_ENABLE_OBJC_ARC = YES;
				CLANG_ENABLE_OBJC_WEAK = YES;
				CLANG_WARN_BLOCK_CAPTURE_AUTORELEASING = YES;
				CLANG_WARN_BOOL_CONVERSION = YES;
				CLANG_WARN_COMMA = YES;
				CLANG_WARN_CONSTANT_CONVERSION = YES;
				CLANG_WARN_DEPRECATED_OBJC_IMPLEMENTATIONS = YES;
				CLANG_WARN_DIRECT_OBJC_ISA_USAGE = YES_ERROR;
				CLANG_WARN_DOCUMENTATION_COMMENTS = YES;
				CLANG_WARN_EMPTY_BODY = YES;
				CLANG_WARN_ENUM_CONVERSION = YES;
				CLANG_WARN_INFINITE_RECURSION = YES;
				CLANG_WARN_INT_CONVERSION = YES;
				CLANG_WARN_NON_LITERAL_NULL_CONVERSION = YES;
				CLANG_WARN_OBJC_IMPLICIT_RETAIN_SELF = YES;
				CLANG_WARN_OBJC_LITERAL_CONVERSION = YES;
				CLANG_WARN_OBJC_ROOT_CLASS = YES_ERROR;
				CLANG_WARN_QUOTED_INCLUDE_IN_FRAMEWORK_HEADER = YES;
				CLANG_WARN_RANGE_LOOP_ANALYSIS = YES;
				CLANG_WARN_STRICT_PROTOTYPES = YES;
				CLANG_WARN_SUSPICIOUS_MOVE = YES;
				CLANG_WARN_UNGUARDED_AVAILABILITY = YES_AGGRESSIVE;
				CLANG_WARN_UNREACHABLE_CODE = YES;
				CLANG_WARN__DUPLICATE_METHOD_MATCH = YES;
				COPY_PHASE_STRIP = NO;
				CURRENT_PROJECT_VERSION = 1;
				DEBUG_INFORMATION_FORMAT = "dwarf-with-dsym";
				ENABLE_NS_ASSERTIONS = NO;
				ENABLE_STRICT_OBJC_MSGSEND = YES;
				GCC_C_LANGUAGE_STANDARD = gnu11;
				GCC_NO_COMMON_BLOCKS = YES;
				GCC_WARN_64_TO_32_BIT_CONVERSION = YES;
				GCC_WARN_ABOUT_RETURN_TYPE = YES_ERROR;
				GCC_WARN_UNDECLARED_SELECTOR = YES;
				GCC_WARN_UNINITIALIZED_AUTOS = YES_AGGRESSIVE;
				GCC_WARN_UNUSED_FUNCTION = YES;
				GCC_WARN_UNUSED_VARIABLE = YES;
				IPHONEOS_DEPLOYMENT_TARGET = 13.0;
				MTL_ENABLE_DEBUG_INFO = NO;
				MTL_FAST_MATH = YES;
				SDKROOT = iphoneos;
				SWIFT_COMPILATION_MODE = wholemodule;
				SWIFT_OPTIMIZATION_LEVEL = "-O";
				VALIDATE_PRODUCT = YES;
				VERSIONING_SYSTEM = "apple-generic";
				VERSION_INFO_PREFIX = "";
			};
			name = Release;
		};
		CABDBAAB24C3222C00AD96D6 /* Debug */ = {
			isa = XCBuildConfiguration;
			buildSettings = {
				CLANG_ENABLE_MODULES = YES;
				CODE_SIGN_STYLE = Automatic;
				DEFINES_MODULE = YES;
				DEVELOPMENT_TEAM = YKG5C7DUKF;
				DYLIB_COMPATIBILITY_VERSION = 1;
				DYLIB_CURRENT_VERSION = 1;
				DYLIB_INSTALL_NAME_BASE = "@rpath";
				INFOPLIST_FILE = StringFormatting/Info.plist;
				INSTALL_PATH = "$(LOCAL_LIBRARY_DIR)/Frameworks";
				IPHONEOS_DEPLOYMENT_TARGET = 13.0;
				LD_RUNPATH_SEARCH_PATHS = (
					"$(inherited)",
					"@executable_path/Frameworks",
					"@loader_path/Frameworks",
				);
				PRODUCT_BUNDLE_IDENTIFIER = tech.vinchy.StringFormatting;
				PRODUCT_NAME = "$(TARGET_NAME:c99extidentifier)";
				SKIP_INSTALL = YES;
				SWIFT_OPTIMIZATION_LEVEL = "-Onone";
				SWIFT_REFLECTION_METADATA_LEVEL = none;
				SWIFT_VERSION = 5.0;
				TARGETED_DEVICE_FAMILY = "1,2";
			};
			name = Debug;
		};
		CABDBAAC24C3222C00AD96D6 /* Release */ = {
			isa = XCBuildConfiguration;
			buildSettings = {
				CLANG_ENABLE_MODULES = YES;
				CODE_SIGN_STYLE = Automatic;
				DEFINES_MODULE = YES;
				DEVELOPMENT_TEAM = YKG5C7DUKF;
				DYLIB_COMPATIBILITY_VERSION = 1;
				DYLIB_CURRENT_VERSION = 1;
				DYLIB_INSTALL_NAME_BASE = "@rpath";
				INFOPLIST_FILE = StringFormatting/Info.plist;
				INSTALL_PATH = "$(LOCAL_LIBRARY_DIR)/Frameworks";
				IPHONEOS_DEPLOYMENT_TARGET = 13.0;
				LD_RUNPATH_SEARCH_PATHS = (
					"$(inherited)",
					"@executable_path/Frameworks",
					"@loader_path/Frameworks",
				);
				PRODUCT_BUNDLE_IDENTIFIER = tech.vinchy.StringFormatting;
				PRODUCT_NAME = "$(TARGET_NAME:c99extidentifier)";
				SKIP_INSTALL = YES;
				SWIFT_REFLECTION_METADATA_LEVEL = none;
				SWIFT_VERSION = 5.0;
				TARGETED_DEVICE_FAMILY = "1,2";
			};
			name = Release;
		};
/* End XCBuildConfiguration section */

/* Begin XCConfigurationList section */
		CABDBA9C24C3222C00AD96D6 /* Build configuration list for PBXProject "StringFormatting" */ = {
			isa = XCConfigurationList;
			buildConfigurations = (
				CABDBAA824C3222C00AD96D6 /* Debug */,
				CABDBAA924C3222C00AD96D6 /* Release */,
			);
			defaultConfigurationIsVisible = 0;
			defaultConfigurationName = Release;
		};
		CABDBAAA24C3222C00AD96D6 /* Build configuration list for PBXNativeTarget "StringFormatting" */ = {
			isa = XCConfigurationList;
			buildConfigurations = (
				CABDBAAB24C3222C00AD96D6 /* Debug */,
				CABDBAAC24C3222C00AD96D6 /* Release */,
			);
			defaultConfigurationIsVisible = 0;
			defaultConfigurationName = Release;
		};
/* End XCConfigurationList section */
	};
	rootObject = CABDBA9924C3222C00AD96D6 /* Project object */;
}
